{
  "name": "ws-typescript-vue-plugin",
  "version": "0.0.1",
  "lockfileVersion": 3,
  "requires": true,
  "packages": {
    "": {
      "name": "ws-typescript-vue-plugin",
      "version": "0.0.1",
      "workspaces": [
        "../../../../../plugins/JavaScriptLanguage/resources/tscplugin"
      ],
      "dependencies": {
        "@vue/typescript-plugin": "3.2.2",
        "tsc-ide-plugin": "workspace:*",
        "typescript": "5.4.5"
      },
      "devDependencies": {
        "@types/node": "^22.19.3",
        "@vercel/ncc": "^0.38.4"
      }
    },
    "../../../../../plugins/JavaScriptLanguage/resources/tscplugin": {
      "name": "tsc-ide-plugin",
      "version": "0.0.1",
      "dependencies": {
        "typescript": "5.4.5"
      },
      "devDependencies": {
        "@types/node": "^18.15.3"
      }
    },
    "../../../../../plugins/JavaScriptLanguage/resources/tscplugin/node_modules/@types/node": {
      "version": "18.19.130",
      "dev": true,
      "license": "MIT",
      "dependencies": {
        "undici-types": "~5.26.4"
      }
    },
    "../../../../../plugins/JavaScriptLanguage/resources/tscplugin/node_modules/typescript": {
      "version": "5.4.5",
      "license": "Apache-2.0",
      "bin": {
        "tsc": "bin/tsc",
        "tsserver": "bin/tsserver"
      },
      "engines": {
        "node": ">=14.17"
      }
    },
    "../../../../../plugins/JavaScriptLanguage/resources/tscplugin/node_modules/undici-types": {
      "version": "5.26.5",
      "dev": true,
      "license": "MIT"
    },
    "node_modules/@babel/helper-string-parser": {
      "version": "7.27.1",
      "license": "MIT",
      "engines": {
        "node": ">=6.9.0"
      }
    },
    "node_modules/@babel/helper-validator-identifier": {
      "version": "7.28.5",
      "license": "MIT",
      "engines": {
        "node": ">=6.9.0"
      }
    },
    "node_modules/@babel/parser": {
      "version": "7.28.6",
      "license": "MIT",
      "dependencies": {
        "@babel/types": "^7.28.6"
      },
      "bin": {
        "parser": "bin/babel-parser.js"
      },
      "engines": {
        "node": ">=6.0.0"
      }
    },
    "node_modules/@babel/types": {
      "version": "7.28.6",
      "license": "MIT",
      "dependencies": {
        "@babel/helper-string-parser": "^7.27.1",
        "@babel/helper-validator-identifier": "^7.28.5"
      },
      "engines": {
        "node": ">=6.9.0"
      }
    },
    "node_modules/@types/node": {
      "version": "22.19.7",
      "dev": true,
      "license": "MIT",
      "dependencies": {
        "undici-types": "~6.21.0"
      }
    },
    "node_modules/@vercel/ncc": {
      "version": "0.38.4",
      "dev": true,
      "license": "MIT",
      "bin": {
        "ncc": "dist/ncc/cli.js"
      }
    },
    "node_modules/@volar/language-core": {
      "version": "2.4.27",
      "license": "MIT",
      "dependencies": {
        "@volar/source-map": "2.4.27"
      }
    },
    "node_modules/@volar/source-map": {
      "version": "2.4.27",
      "license": "MIT"
    },
    "node_modules/@volar/typescript": {
      "version": "2.4.27",
      "license": "MIT",
      "dependencies": {
        "@volar/language-core": "2.4.27",
        "path-browserify": "^1.0.1",
        "vscode-uri": "^3.0.8"
      }
    },
    "node_modules/@vue/compiler-core": {
      "version": "3.5.26",
      "license": "MIT",
      "dependencies": {
        "@babel/parser": "^7.28.5",
        "@vue/shared": "3.5.26",
        "entities": "^7.0.0",
        "estree-walker": "^2.0.2",
        "source-map-js": "^1.2.1"
      }
    },
    "node_modules/@vue/compiler-dom": {
      "version": "3.5.26",
      "license": "MIT",
      "dependencies": {
        "@vue/compiler-core": "3.5.26",
        "@vue/shared": "3.5.26"
      }
    },
    "node_modules/@vue/language-core": {
      "version": "3.2.2",
      "license": "MIT",
      "dependencies": {
        "@volar/language-core": "2.4.27",
        "@vue/compiler-dom": "^3.5.0",
        "@vue/shared": "^3.5.0",
        "alien-signals": "^3.0.0",
        "muggle-string": "^0.4.1",
        "path-browserify": "^1.0.1",
        "picomatch": "^4.0.2"
      }
    },
    "node_modules/@vue/shared": {
      "version": "3.5.26",
      "license": "MIT"
    },
    "node_modules/@vue/typescript-plugin": {
      "version": "3.2.2",
      "license": "MIT",
      "dependencies": {
        "@volar/typescript": "2.4.27",
        "@vue/language-core": "3.2.2",
        "@vue/shared": "^3.5.0",
        "path-browserify": "^1.0.1",
        "vue-component-meta": "3.2.2"
      }
    },
    "node_modules/alien-signals": {
      "version": "3.1.2",
      "license": "MIT"
    },
    "node_modules/entities": {
      "version": "7.0.0",
      "license": "BSD-2-Clause",
      "engines": {
        "node": ">=0.12"
      },
      "funding": {
        "url": "https://github.com/fb55/entities?sponsor=1"
      }
    },
    "node_modules/estree-walker": {
      "version": "2.0.2",
      "license": "MIT"
    },
    "node_modules/muggle-string": {
      "version": "0.4.1",
      "license": "MIT"
    },
    "node_modules/path-browserify": {
      "version": "1.0.1",
      "license": "MIT"
    },
    "node_modules/picomatch": {
      "version": "4.0.3",
      "license": "MIT",
      "engines": {
        "node": ">=12"
      },
      "funding": {
        "url": "https://github.com/sponsors/jonschlinkert"
      }
    },
    "node_modules/source-map-js": {
      "version": "1.2.1",
      "license": "BSD-3-Clause",
      "engines": {
        "node": ">=0.10.0"
      }
    },
    "node_modules/tsc-ide-plugin": {
      "resolved": "../../../../../plugins/JavaScriptLanguage/resources/tscplugin",
      "link": true
    },
    "node_modules/typescript": {
      "version": "5.4.5",
      "license": "Apache-2.0",
      "peer": true,
      "bin": {
        "tsc": "bin/tsc",
        "tsserver": "bin/tsserver"
      },
      "engines": {
        "node": ">=14.17"
      }
    },
    "node_modules/undici-types": {
      "version": "6.21.0",
      "dev": true,
      "license": "MIT"
    },
    "node_modules/vscode-uri": {
      "version": "3.1.0",
      "license": "MIT"
    },
    "node_modules/vue-component-meta": {
      "version": "3.2.2",
      "license": "MIT",
      "dependencies": {
        "@volar/typescript": "2.4.27",
        "@vue/language-core": "3.2.2",
        "path-browserify": "^1.0.1"
      },
      "peerDependencies": {
        "typescript": "*"
      },
      "peerDependenciesMeta": {
        "typescript": {
          "optional": true
        }
      }
    }
  }
}
