{
  "name": "@astrojs/language-server",
  "version": "2.10.0",
  "lockfileVersion": 3,
  "requires": true,
  "packages": {
    "": {
      "name": "@astrojs/language-server",
      "version": "2.10.0",
      "devDependencies": {
        "@astrojs/language-server": "2.10.0",
        "esbuild": "^0.20.0"
      }
    },
    "node_modules/@astrojs/compiler": {
      "version": "2.10.3",
      "resolved": "https://registry.npmjs.org/@astrojs/compiler/-/compiler-2.10.3.tgz",
      "integrity": "sha512-bL/O7YBxsFt55YHU021oL+xz+B/9HvGNId3F9xURN16aeqDK9juHGktdkCSXz+U4nqFACq6ZFvWomOzhV+zfPw==",
      "dev": true
    },
    "node_modules/@astrojs/language-server": {
      "version": "2.10.0",
      "resolved": "https://registry.npmjs.org/@astrojs/language-server/-/language-server-2.10.0.tgz",
      "integrity": "sha512-crHXpqYfA5qWioiuZnZFpTsNItgBlF1f0S9MzDYS7/pfCALkHNJ7K3w9U/j0uMKymsT4hC7BfMaX0DYlfdSzHg==",
      "dev": true,
      "dependencies": {
        "@astrojs/compiler": "^2.7.0",
        "@jridgewell/sourcemap-codec": "^1.4.15",
        "@volar/kit": "~2.2.3",
        "@volar/language-core": "~2.2.3",
        "@volar/language-server": "~2.2.3",
        "@volar/language-service": "~2.2.3",
        "@volar/typescript": "~2.2.3",
        "fast-glob": "^3.2.12",
        "volar-service-css": "0.0.45",
        "volar-service-emmet": "0.0.45",
        "volar-service-html": "0.0.45",
        "volar-service-prettier": "0.0.45",
        "volar-service-typescript": "0.0.45",
        "volar-service-typescript-twoslash-queries": "0.0.45",
        "vscode-html-languageservice": "^5.2.0",
        "vscode-uri": "^3.0.8"
      },
      "bin": {
        "astro-ls": "bin/nodeServer.js"
      },
      "peerDependencies": {
        "prettier": "^3.0.0",
        "prettier-plugin-astro": ">=0.11.0"
      },
      "peerDependenciesMeta": {
        "prettier": {
          "optional": true
        },
        "prettier-plugin-astro": {
          "optional": true
        }
      }
    },
    "node_modules/@emmetio/abbreviation": {
      "version": "2.3.3",
      "resolved": "https://registry.npmjs.org/@emmetio/abbreviation/-/abbreviation-2.3.3.tgz",
      "integrity": "sha512-mgv58UrU3rh4YgbE/TzgLQwJ3pFsHHhCLqY20aJq+9comytTXUDNGG/SMtSeMJdkpxgXSXunBGLD8Boka3JyVA==",
      "dev": true,
      "dependencies": {
        "@emmetio/scanner": "^1.0.4"
      }
    },
    "node_modules/@emmetio/css-abbreviation": {
      "version": "2.1.8",
      "resolved": "https://registry.npmjs.org/@emmetio/css-abbreviation/-/css-abbreviation-2.1.8.tgz",
      "integrity": "sha512-s9yjhJ6saOO/uk1V74eifykk2CBYi01STTK3WlXWGOepyKa23ymJ053+DNQjpFcy1ingpaO7AxCcwLvHFY9tuw==",
      "dev": true,
      "dependencies": {
        "@emmetio/scanner": "^1.0.4"
      }
    },
    "node_modules/@emmetio/css-parser": {
      "version": "0.4.0",
      "resolved": "https://registry.npmjs.org/@emmetio/css-parser/-/css-parser-0.4.0.tgz",
      "integrity": "sha512-z7wkxRSZgrQHXVzObGkXG+Vmj3uRlpM11oCZ9pbaz0nFejvCDmAiNDpY75+wgXOcffKpj4rzGtwGaZxfJKsJxw==",
      "dev": true,
      "dependencies": {
        "@emmetio/stream-reader": "^2.2.0",
        "@emmetio/stream-reader-utils": "^0.1.0"
      }
    },
    "node_modules/@emmetio/html-matcher": {
      "version": "1.3.0",
      "resolved": "https://registry.npmjs.org/@emmetio/html-matcher/-/html-matcher-1.3.0.tgz",
      "integrity": "sha512-NTbsvppE5eVyBMuyGfVu2CRrLvo7J4YHb6t9sBFLyY03WYhXET37qA4zOYUjBWFCRHO7pS1B9khERtY0f5JXPQ==",
      "dev": true,
      "dependencies": {
        "@emmetio/scanner": "^1.0.0"
      }
    },
    "node_modules/@emmetio/scanner": {
      "version": "1.0.4",
      "resolved": "https://registry.npmjs.org/@emmetio/scanner/-/scanner-1.0.4.tgz",
      "integrity": "sha512-IqRuJtQff7YHHBk4G8YZ45uB9BaAGcwQeVzgj/zj8/UdOhtQpEIupUhSk8dys6spFIWVZVeK20CzGEnqR5SbqA==",
      "dev": true
    },
    "node_modules/@emmetio/stream-reader": {
      "version": "2.2.0",
      "resolved": "https://registry.npmjs.org/@emmetio/stream-reader/-/stream-reader-2.2.0.tgz",
      "integrity": "sha512-fXVXEyFA5Yv3M3n8sUGT7+fvecGrZP4k6FnWWMSZVQf69kAq0LLpaBQLGcPR30m3zMmKYhECP4k/ZkzvhEW5kw==",
      "dev": true
    },
    "node_modules/@emmetio/stream-reader-utils": {
      "version": "0.1.0",
      "resolved": "https://registry.npmjs.org/@emmetio/stream-reader-utils/-/stream-reader-utils-0.1.0.tgz",
      "integrity": "sha512-ZsZ2I9Vzso3Ho/pjZFsmmZ++FWeEd/txqybHTm4OgaZzdS8V9V/YYWQwg5TC38Z7uLWUV1vavpLLbjJtKubR1A==",
      "dev": true
    },
    "node_modules/@esbuild/aix-ppc64": {
      "version": "0.20.2",
      "resolved": "https://registry.npmjs.org/@esbuild/aix-ppc64/-/aix-ppc64-0.20.2.tgz",
      "integrity": "sha512-D+EBOJHXdNZcLJRBkhENNG8Wji2kgc9AZ9KiPr1JuZjsNtyHzrsfLRrY0tk2H2aoFu6RANO1y1iPPUCDYWkb5g==",
      "cpu": [
        "ppc64"
      ],
      "dev": true,
      "optional": true,
      "os": [
        "aix"
      ],
      "engines": {
        "node": ">=12"
      }
    },
    "node_modules/@esbuild/android-arm": {
      "version": "0.20.2",
      "resolved": "https://registry.npmjs.org/@esbuild/android-arm/-/android-arm-0.20.2.tgz",
      "integrity": "sha512-t98Ra6pw2VaDhqNWO2Oph2LXbz/EJcnLmKLGBJwEwXX/JAN83Fym1rU8l0JUWK6HkIbWONCSSatf4sf2NBRx/w==",
      "cpu": [
        "arm"
      ],
      "dev": true,
      "optional": true,
      "os": [
        "android"
      ],
      "engines": {
        "node": ">=12"
      }
    },
    "node_modules/@esbuild/android-arm64": {
      "version": "0.20.2",
      "resolved": "https://registry.npmjs.org/@esbuild/android-arm64/-/android-arm64-0.20.2.tgz",
      "integrity": "sha512-mRzjLacRtl/tWU0SvD8lUEwb61yP9cqQo6noDZP/O8VkwafSYwZ4yWy24kan8jE/IMERpYncRt2dw438LP3Xmg==",
      "cpu": [
        "arm64"
      ],
      "dev": true,
      "optional": true,
      "os": [
        "android"
      ],
      "engines": {
        "node": ">=12"
      }
    },
    "node_modules/@esbuild/android-x64": {
      "version": "0.20.2",
      "resolved": "https://registry.npmjs.org/@esbuild/android-x64/-/android-x64-0.20.2.tgz",
      "integrity": "sha512-btzExgV+/lMGDDa194CcUQm53ncxzeBrWJcncOBxuC6ndBkKxnHdFJn86mCIgTELsooUmwUm9FkhSp5HYu00Rg==",
      "cpu": [
        "x64"
      ],
      "dev": true,
      "optional": true,
      "os": [
        "android"
      ],
      "engines": {
        "node": ">=12"
      }
    },
    "node_modules/@esbuild/darwin-arm64": {
      "version": "0.20.2",
      "resolved": "https://registry.npmjs.org/@esbuild/darwin-arm64/-/darwin-arm64-0.20.2.tgz",
      "integrity": "sha512-4J6IRT+10J3aJH3l1yzEg9y3wkTDgDk7TSDFX+wKFiWjqWp/iCfLIYzGyasx9l0SAFPT1HwSCR+0w/h1ES/MjA==",
      "cpu": [
        "arm64"
      ],
      "dev": true,
      "optional": true,
      "os": [
        "darwin"
      ],
      "engines": {
        "node": ">=12"
      }
    },
    "node_modules/@esbuild/darwin-x64": {
      "version": "0.20.2",
      "resolved": "https://registry.npmjs.org/@esbuild/darwin-x64/-/darwin-x64-0.20.2.tgz",
      "integrity": "sha512-tBcXp9KNphnNH0dfhv8KYkZhjc+H3XBkF5DKtswJblV7KlT9EI2+jeA8DgBjp908WEuYll6pF+UStUCfEpdysA==",
      "cpu": [
        "x64"
      ],
      "dev": true,
      "optional": true,
      "os": [
        "darwin"
      ],
      "engines": {
        "node": ">=12"
      }
    },
    "node_modules/@esbuild/freebsd-arm64": {
      "version": "0.20.2",
      "resolved": "https://registry.npmjs.org/@esbuild/freebsd-arm64/-/freebsd-arm64-0.20.2.tgz",
      "integrity": "sha512-d3qI41G4SuLiCGCFGUrKsSeTXyWG6yem1KcGZVS+3FYlYhtNoNgYrWcvkOoaqMhwXSMrZRl69ArHsGJ9mYdbbw==",
      "cpu": [
        "arm64"
      ],
      "dev": true,
      "optional": true,
      "os": [
        "freebsd"
      ],
      "engines": {
        "node": ">=12"
      }
    },
    "node_modules/@esbuild/freebsd-x64": {
      "version": "0.20.2",
      "resolved": "https://registry.npmjs.org/@esbuild/freebsd-x64/-/freebsd-x64-0.20.2.tgz",
      "integrity": "sha512-d+DipyvHRuqEeM5zDivKV1KuXn9WeRX6vqSqIDgwIfPQtwMP4jaDsQsDncjTDDsExT4lR/91OLjRo8bmC1e+Cw==",
      "cpu": [
        "x64"
      ],
      "dev": true,
      "optional": true,
      "os": [
        "freebsd"
      ],
      "engines": {
        "node": ">=12"
      }
    },
    "node_modules/@esbuild/linux-arm": {
      "version": "0.20.2",
      "resolved": "https://registry.npmjs.org/@esbuild/linux-arm/-/linux-arm-0.20.2.tgz",
      "integrity": "sha512-VhLPeR8HTMPccbuWWcEUD1Az68TqaTYyj6nfE4QByZIQEQVWBB8vup8PpR7y1QHL3CpcF6xd5WVBU/+SBEvGTg==",
      "cpu": [
        "arm"
      ],
      "dev": true,
      "optional": true,
      "os": [
        "linux"
      ],
      "engines": {
        "node": ">=12"
      }
    },
    "node_modules/@esbuild/linux-arm64": {
      "version": "0.20.2",
      "resolved": "https://registry.npmjs.org/@esbuild/linux-arm64/-/linux-arm64-0.20.2.tgz",
      "integrity": "sha512-9pb6rBjGvTFNira2FLIWqDk/uaf42sSyLE8j1rnUpuzsODBq7FvpwHYZxQ/It/8b+QOS1RYfqgGFNLRI+qlq2A==",
      "cpu": [
        "arm64"
      ],
      "dev": true,
      "optional": true,
      "os": [
        "linux"
      ],
      "engines": {
        "node": ">=12"
      }
    },
    "node_modules/@esbuild/linux-ia32": {
      "version": "0.20.2",
      "resolved": "https://registry.npmjs.org/@esbuild/linux-ia32/-/linux-ia32-0.20.2.tgz",
      "integrity": "sha512-o10utieEkNPFDZFQm9CoP7Tvb33UutoJqg3qKf1PWVeeJhJw0Q347PxMvBgVVFgouYLGIhFYG0UGdBumROyiig==",
      "cpu": [
        "ia32"
      ],
      "dev": true,
      "optional": true,
      "os": [
        "linux"
      ],
      "engines": {
        "node": ">=12"
      }
    },
    "node_modules/@esbuild/linux-loong64": {
      "version": "0.20.2",
      "resolved": "https://registry.npmjs.org/@esbuild/linux-loong64/-/linux-loong64-0.20.2.tgz",
      "integrity": "sha512-PR7sp6R/UC4CFVomVINKJ80pMFlfDfMQMYynX7t1tNTeivQ6XdX5r2XovMmha/VjR1YN/HgHWsVcTRIMkymrgQ==",
      "cpu": [
        "loong64"
      ],
      "dev": true,
      "optional": true,
      "os": [
        "linux"
      ],
      "engines": {
        "node": ">=12"
      }
    },
    "node_modules/@esbuild/linux-mips64el": {
      "version": "0.20.2",
      "resolved": "https://registry.npmjs.org/@esbuild/linux-mips64el/-/linux-mips64el-0.20.2.tgz",
      "integrity": "sha512-4BlTqeutE/KnOiTG5Y6Sb/Hw6hsBOZapOVF6njAESHInhlQAghVVZL1ZpIctBOoTFbQyGW+LsVYZ8lSSB3wkjA==",
      "cpu": [
        "mips64el"
      ],
      "dev": true,
      "optional": true,
      "os": [
        "linux"
      ],
      "engines": {
        "node": ">=12"
      }
    },
    "node_modules/@esbuild/linux-ppc64": {
      "version": "0.20.2",
      "resolved": "https://registry.npmjs.org/@esbuild/linux-ppc64/-/linux-ppc64-0.20.2.tgz",
      "integrity": "sha512-rD3KsaDprDcfajSKdn25ooz5J5/fWBylaaXkuotBDGnMnDP1Uv5DLAN/45qfnf3JDYyJv/ytGHQaziHUdyzaAg==",
      "cpu": [
        "ppc64"
      ],
      "dev": true,
      "optional": true,
      "os": [
        "linux"
      ],
      "engines": {
        "node": ">=12"
      }
    },
    "node_modules/@esbuild/linux-riscv64": {
      "version": "0.20.2",
      "resolved": "https://registry.npmjs.org/@esbuild/linux-riscv64/-/linux-riscv64-0.20.2.tgz",
      "integrity": "sha512-snwmBKacKmwTMmhLlz/3aH1Q9T8v45bKYGE3j26TsaOVtjIag4wLfWSiZykXzXuE1kbCE+zJRmwp+ZbIHinnVg==",
      "cpu": [
        "riscv64"
      ],
      "dev": true,
      "optional": true,
      "os": [
        "linux"
      ],
      "engines": {
        "node": ">=12"
      }
    },
    "node_modules/@esbuild/linux-s390x": {
      "version": "0.20.2",
      "resolved": "https://registry.npmjs.org/@esbuild/linux-s390x/-/linux-s390x-0.20.2.tgz",
      "integrity": "sha512-wcWISOobRWNm3cezm5HOZcYz1sKoHLd8VL1dl309DiixxVFoFe/o8HnwuIwn6sXre88Nwj+VwZUvJf4AFxkyrQ==",
      "cpu": [
        "s390x"
      ],
      "dev": true,
      "optional": true,
      "os": [
        "linux"
      ],
      "engines": {
        "node": ">=12"
      }
    },
    "node_modules/@esbuild/linux-x64": {
      "version": "0.20.2",
      "resolved": "https://registry.npmjs.org/@esbuild/linux-x64/-/linux-x64-0.20.2.tgz",
      "integrity": "sha512-1MdwI6OOTsfQfek8sLwgyjOXAu+wKhLEoaOLTjbijk6E2WONYpH9ZU2mNtR+lZ2B4uwr+usqGuVfFT9tMtGvGw==",
      "cpu": [
        "x64"
      ],
      "dev": true,
      "optional": true,
      "os": [
        "linux"
      ],
      "engines": {
        "node": ">=12"
      }
    },
    "node_modules/@esbuild/netbsd-x64": {
      "version": "0.20.2",
      "resolved": "https://registry.npmjs.org/@esbuild/netbsd-x64/-/netbsd-x64-0.20.2.tgz",
      "integrity": "sha512-K8/DhBxcVQkzYc43yJXDSyjlFeHQJBiowJ0uVL6Tor3jGQfSGHNNJcWxNbOI8v5k82prYqzPuwkzHt3J1T1iZQ==",
      "cpu": [
        "x64"
      ],
      "dev": true,
      "optional": true,
      "os": [
        "netbsd"
      ],
      "engines": {
        "node": ">=12"
      }
    },
    "node_modules/@esbuild/openbsd-x64": {
      "version": "0.20.2",
      "resolved": "https://registry.npmjs.org/@esbuild/openbsd-x64/-/openbsd-x64-0.20.2.tgz",
      "integrity": "sha512-eMpKlV0SThJmmJgiVyN9jTPJ2VBPquf6Kt/nAoo6DgHAoN57K15ZghiHaMvqjCye/uU4X5u3YSMgVBI1h3vKrQ==",
      "cpu": [
        "x64"
      ],
      "dev": true,
      "optional": true,
      "os": [
        "openbsd"
      ],
      "engines": {
        "node": ">=12"
      }
    },
    "node_modules/@esbuild/sunos-x64": {
      "version": "0.20.2",
      "resolved": "https://registry.npmjs.org/@esbuild/sunos-x64/-/sunos-x64-0.20.2.tgz",
      "integrity": "sha512-2UyFtRC6cXLyejf/YEld4Hajo7UHILetzE1vsRcGL3earZEW77JxrFjH4Ez2qaTiEfMgAXxfAZCm1fvM/G/o8w==",
      "cpu": [
        "x64"
      ],
      "dev": true,
      "optional": true,
      "os": [
        "sunos"
      ],
      "engines": {
        "node": ">=12"
      }
    },
    "node_modules/@esbuild/win32-arm64": {
      "version": "0.20.2",
      "resolved": "https://registry.npmjs.org/@esbuild/win32-arm64/-/win32-arm64-0.20.2.tgz",
      "integrity": "sha512-GRibxoawM9ZCnDxnP3usoUDO9vUkpAxIIZ6GQI+IlVmr5kP3zUq+l17xELTHMWTWzjxa2guPNyrpq1GWmPvcGQ==",
      "cpu": [
        "arm64"
      ],
      "dev": true,
      "optional": true,
      "os": [
        "win32"
      ],
      "engines": {
        "node": ">=12"
      }
    },
    "node_modules/@esbuild/win32-ia32": {
      "version": "0.20.2",
      "resolved": "https://registry.npmjs.org/@esbuild/win32-ia32/-/win32-ia32-0.20.2.tgz",
      "integrity": "sha512-HfLOfn9YWmkSKRQqovpnITazdtquEW8/SoHW7pWpuEeguaZI4QnCRW6b+oZTztdBnZOS2hqJ6im/D5cPzBTTlQ==",
      "cpu": [
        "ia32"
      ],
      "dev": true,
      "optional": true,
      "os": [
        "win32"
      ],
      "engines": {
        "node": ">=12"
      }
    },
    "node_modules/@esbuild/win32-x64": {
      "version": "0.20.2",
      "resolved": "https://registry.npmjs.org/@esbuild/win32-x64/-/win32-x64-0.20.2.tgz",
      "integrity": "sha512-N49X4lJX27+l9jbLKSqZ6bKNjzQvHaT8IIFUy+YIqmXQdjYCToGWwOItDrfby14c78aDd5NHQl29xingXfCdLQ==",
      "cpu": [
        "x64"
      ],
      "dev": true,
      "optional": true,
      "os": [
        "win32"
      ],
      "engines": {
        "node": ">=12"
      }
    },
    "node_modules/@jridgewell/sourcemap-codec": {
      "version": "1.5.0",
      "resolved": "https://registry.npmjs.org/@jridgewell/sourcemap-codec/-/sourcemap-codec-1.5.0.tgz",
      "integrity": "sha512-gv3ZRaISU3fjPAgNsriBRqGWQL6quFx04YMPW/zD8XMLsU32mhCCbfbO6KZFLjvYpCZ8zyDEgqsgf+PwPaM7GQ==",
      "dev": true
    },
    "node_modules/@nodelib/fs.scandir": {
      "version": "2.1.5",
      "resolved": "https://registry.npmjs.org/@nodelib/fs.scandir/-/fs.scandir-2.1.5.tgz",
      "integrity": "sha512-vq24Bq3ym5HEQm2NKCr3yXDwjc7vTsEThRDnkp2DK9p1uqLR+DHurm/NOTo0KG7HYHU7eppKZj3MyqYuMBf62g==",
      "dev": true,
      "dependencies": {
        "@nodelib/fs.stat": "2.0.5",
        "run-parallel": "^1.1.9"
      },
      "engines": {
        "node": ">= 8"
      }
    },
    "node_modules/@nodelib/fs.stat": {
      "version": "2.0.5",
      "resolved": "https://registry.npmjs.org/@nodelib/fs.stat/-/fs.stat-2.0.5.tgz",
      "integrity": "sha512-RkhPPp2zrqDAQA/2jNhnztcPAlv64XdhIp7a7454A5ovI7Bukxgt7MX7udwAu3zg1DcpPU0rz3VV1SeaqvY4+A==",
      "dev": true,
      "engines": {
        "node": ">= 8"
      }
    },
    "node_modules/@nodelib/fs.walk": {
      "version": "1.2.8",
      "resolved": "https://registry.npmjs.org/@nodelib/fs.walk/-/fs.walk-1.2.8.tgz",
      "integrity": "sha512-oGB+UxlgWcgQkgwo8GcEGwemoTFt3FIO9ababBmaGwXIoBKZ+GTy0pP185beGg7Llih/NSHSV2XAs1lnznocSg==",
      "dev": true,
      "dependencies": {
        "@nodelib/fs.scandir": "2.1.5",
        "fastq": "^1.6.0"
      },
      "engines": {
        "node": ">= 8"
      }
    },
    "node_modules/@volar/kit": {
      "version": "2.2.5",
      "resolved": "https://registry.npmjs.org/@volar/kit/-/kit-2.2.5.tgz",
      "integrity": "sha512-Bmn0UCaT43xUGGRwcmFG9lKhiCCLjRT4ScSLLPn5C9ltUcSGnIFFDlbZZa1PreHYHq25/4zkXt9Ap32klAh17w==",
      "dev": true,
      "dependencies": {
        "@volar/language-service": "2.2.5",
        "@volar/typescript": "2.2.5",
        "typesafe-path": "^0.2.2",
        "vscode-languageserver-textdocument": "^1.0.11",
        "vscode-uri": "^3.0.8"
      },
      "peerDependencies": {
        "typescript": "*"
      }
    },
    "node_modules/@volar/language-core": {
      "version": "2.2.5",
      "resolved": "https://registry.npmjs.org/@volar/language-core/-/language-core-2.2.5.tgz",
      "integrity": "sha512-2htyAuxRrAgETmFeUhT4XLELk3LiEcqoW/B8YUXMF6BrGWLMwIR09MFaZYvrA2UhbdAeSyeQ726HaWSWkexUcQ==",
      "dev": true,
      "dependencies": {
        "@volar/source-map": "2.2.5"
      }
    },
    "node_modules/@volar/language-server": {
      "version": "2.2.5",
      "resolved": "https://registry.npmjs.org/@volar/language-server/-/language-server-2.2.5.tgz",
      "integrity": "sha512-PV/jkUkI+m72HTXwnY7hsGqLY3VNi96ZRoWFRzVC9QG/853bixxjveXPJIiydMJ9I739lO3kcj3hnGrF5Sm+HA==",
      "dev": true,
      "dependencies": {
        "@volar/language-core": "2.2.5",
        "@volar/language-service": "2.2.5",
        "@volar/snapshot-document": "2.2.5",
        "@volar/typescript": "2.2.5",
        "@vscode/l10n": "^0.0.16",
        "path-browserify": "^1.0.1",
        "request-light": "^0.7.0",
        "vscode-languageserver": "^9.0.1",
        "vscode-languageserver-protocol": "^3.17.5",
        "vscode-languageserver-textdocument": "^1.0.11",
        "vscode-uri": "^3.0.8"
      }
    },
    "node_modules/@volar/language-service": {
      "version": "2.2.5",
      "resolved": "https://registry.npmjs.org/@volar/language-service/-/language-service-2.2.5.tgz",
      "integrity": "sha512-a97e/0uCe+uSu23F4zvgvldqJtZe6jugQeEHWjTfhgOEO8+Be0t5CZNNVItQqmPyAsD8eElg0S/cP6uxvCmCSQ==",
      "dev": true,
      "dependencies": {
        "@volar/language-core": "2.2.5",
        "vscode-languageserver-protocol": "^3.17.5",
        "vscode-languageserver-textdocument": "^1.0.11",
        "vscode-uri": "^3.0.8"
      }
    },
    "node_modules/@volar/snapshot-document": {
      "version": "2.2.5",
      "resolved": "https://registry.npmjs.org/@volar/snapshot-document/-/snapshot-document-2.2.5.tgz",
      "integrity": "sha512-MTOvWVKxM7ugKO3Amffkv2pND03fe2JtfygYaputqjVFML7YxtTXj8SPnI2pODLeSwOKzDYL6Q8r5j6Y5AgUzQ==",
      "dev": true,
      "dependencies": {
        "vscode-languageserver-protocol": "^3.17.5",
        "vscode-languageserver-textdocument": "^1.0.11"
      }
    },
    "node_modules/@volar/source-map": {
      "version": "2.2.5",
      "resolved": "https://registry.npmjs.org/@volar/source-map/-/source-map-2.2.5.tgz",
      "integrity": "sha512-wrOEIiZNf4E+PWB0AxyM4tfhkfldPsb3bxg8N6FHrxJH2ohar7aGu48e98bp3pR9HUA7P/pR9VrLmkTrgCCnWQ==",
      "dev": true,
      "dependencies": {
        "muggle-string": "^0.4.0"
      }
    },
    "node_modules/@volar/typescript": {
      "version": "2.2.5",
      "resolved": "https://registry.npmjs.org/@volar/typescript/-/typescript-2.2.5.tgz",
      "integrity": "sha512-eSV/n75+ppfEVugMC/salZsI44nXDPAyL6+iTYCNLtiLHGJsnMv9GwiDMujrvAUj/aLQyqRJgYtXRoxop2clCw==",
      "dev": true,
      "dependencies": {
        "@volar/language-core": "2.2.5",
        "path-browserify": "^1.0.1"
      }
    },
    "node_modules/@vscode/emmet-helper": {
      "version": "2.9.3",
      "resolved": "https://registry.npmjs.org/@vscode/emmet-helper/-/emmet-helper-2.9.3.tgz",
      "integrity": "sha512-rB39LHWWPQYYlYfpv9qCoZOVioPCftKXXqrsyqN1mTWZM6dTnONT63Db+03vgrBbHzJN45IrgS/AGxw9iiqfEw==",
      "dev": true,
      "dependencies": {
        "emmet": "^2.4.3",
        "jsonc-parser": "^2.3.0",
        "vscode-languageserver-textdocument": "^1.0.1",
        "vscode-languageserver-types": "^3.15.1",
        "vscode-uri": "^2.1.2"
      }
    },
    "node_modules/@vscode/emmet-helper/node_modules/vscode-uri": {
      "version": "2.1.2",
      "resolved": "https://registry.npmjs.org/vscode-uri/-/vscode-uri-2.1.2.tgz",
      "integrity": "sha512-8TEXQxlldWAuIODdukIb+TR5s+9Ds40eSJrw+1iDDA9IFORPjMELarNQE3myz5XIkWWpdprmJjm1/SxMlWOC8A==",
      "dev": true
    },
    "node_modules/@vscode/l10n": {
      "version": "0.0.16",
      "resolved": "https://registry.npmjs.org/@vscode/l10n/-/l10n-0.0.16.tgz",
      "integrity": "sha512-JT5CvrIYYCrmB+dCana8sUqJEcGB1ZDXNLMQ2+42bW995WmNoenijWMUdZfwmuQUTQcEVVIa2OecZzTYWUW9Cg==",
      "dev": true
    },
    "node_modules/braces": {
      "version": "3.0.3",
      "resolved": "https://registry.npmjs.org/braces/-/braces-3.0.3.tgz",
      "integrity": "sha512-yQbXgO/OSZVD2IsiLlro+7Hf6Q18EJrKSEsdoMzKePKXct3gvD8oLcOQdIzGupr5Fj+EDe8gO/lxc1BzfMpxvA==",
      "dev": true,
      "dependencies": {
        "fill-range": "^7.1.1"
      },
      "engines": {
        "node": ">=8"
      }
    },
    "node_modules/emmet": {
      "version": "2.4.11",
      "resolved": "https://registry.npmjs.org/emmet/-/emmet-2.4.11.tgz",
      "integrity": "sha512-23QPJB3moh/U9sT4rQzGgeyyGIrcM+GH5uVYg2C6wZIxAIJq7Ng3QLT79tl8FUwDXhyq9SusfknOrofAKqvgyQ==",
      "dev": true,
      "workspaces": [
        "./packages/scanner",
        "./packages/abbreviation",
        "./packages/css-abbreviation",
        "./"
      ],
      "dependencies": {
        "@emmetio/abbreviation": "^2.3.3",
        "@emmetio/css-abbreviation": "^2.1.8"
      }
    },
    "node_modules/esbuild": {
      "version": "0.20.2",
      "resolved": "https://registry.npmjs.org/esbuild/-/esbuild-0.20.2.tgz",
      "integrity": "sha512-WdOOppmUNU+IbZ0PaDiTst80zjnrOkyJNHoKupIcVyU8Lvla3Ugx94VzkQ32Ijqd7UhHJy75gNWDMUekcrSJ6g==",
      "dev": true,
      "hasInstallScript": true,
      "bin": {
        "esbuild": "bin/esbuild"
      },
      "engines": {
        "node": ">=12"
      },
      "optionalDependencies": {
        "@esbuild/aix-ppc64": "0.20.2",
        "@esbuild/android-arm": "0.20.2",
        "@esbuild/android-arm64": "0.20.2",
        "@esbuild/android-x64": "0.20.2",
        "@esbuild/darwin-arm64": "0.20.2",
        "@esbuild/darwin-x64": "0.20.2",
        "@esbuild/freebsd-arm64": "0.20.2",
        "@esbuild/freebsd-x64": "0.20.2",
        "@esbuild/linux-arm": "0.20.2",
        "@esbuild/linux-arm64": "0.20.2",
        "@esbuild/linux-ia32": "0.20.2",
        "@esbuild/linux-loong64": "0.20.2",
        "@esbuild/linux-mips64el": "0.20.2",
        "@esbuild/linux-ppc64": "0.20.2",
        "@esbuild/linux-riscv64": "0.20.2",
        "@esbuild/linux-s390x": "0.20.2",
        "@esbuild/linux-x64": "0.20.2",
        "@esbuild/netbsd-x64": "0.20.2",
        "@esbuild/openbsd-x64": "0.20.2",
        "@esbuild/sunos-x64": "0.20.2",
        "@esbuild/win32-arm64": "0.20.2",
        "@esbuild/win32-ia32": "0.20.2",
        "@esbuild/win32-x64": "0.20.2"
      }
    },
    "node_modules/fast-glob": {
      "version": "3.3.2",
      "resolved": "https://registry.npmjs.org/fast-glob/-/fast-glob-3.3.2.tgz",
      "integrity": "sha512-oX2ruAFQwf/Orj8m737Y5adxDQO0LAB7/S5MnxCdTNDd4p6BsyIVsv9JQsATbTSq8KHRpLwIHbVlUNatxd+1Ow==",
      "dev": true,
      "dependencies": {
        "@nodelib/fs.stat": "^2.0.2",
        "@nodelib/fs.walk": "^1.2.3",
        "glob-parent": "^5.1.2",
        "merge2": "^1.3.0",
        "micromatch": "^4.0.4"
      },
      "engines": {
        "node": ">=8.6.0"
      }
    },
    "node_modules/fastq": {
      "version": "1.17.1",
      "resolved": "https://registry.npmjs.org/fastq/-/fastq-1.17.1.tgz",
      "integrity": "sha512-sRVD3lWVIXWg6By68ZN7vho9a1pQcN/WBFaAAsDDFzlJjvoGx0P8z7V1t72grFJfJhu3YPZBuu25f7Kaw2jN1w==",
      "dev": true,
      "dependencies": {
        "reusify": "^1.0.4"
      }
    },
    "node_modules/fill-range": {
      "version": "7.1.1",
      "resolved": "https://registry.npmjs.org/fill-range/-/fill-range-7.1.1.tgz",
      "integrity": "sha512-YsGpe3WHLK8ZYi4tWDg2Jy3ebRz2rXowDxnld4bkQB00cc/1Zw9AWnC0i9ztDJitivtQvaI9KaLyKrc+hBW0yg==",
      "dev": true,
      "dependencies": {
        "to-regex-range": "^5.0.1"
      },
      "engines": {
        "node": ">=8"
      }
    },
    "node_modules/glob-parent": {
      "version": "5.1.2",
      "resolved": "https://registry.npmjs.org/glob-parent/-/glob-parent-5.1.2.tgz",
      "integrity": "sha512-AOIgSQCepiJYwP3ARnGx+5VnTu2HBYdzbGP45eLw1vr3zB3vZLeyed1sC9hnbcOc9/SrMyM5RPQrkGz4aS9Zow==",
      "dev": true,
      "dependencies": {
        "is-glob": "^4.0.1"
      },
      "engines": {
        "node": ">= 6"
      }
    },
    "node_modules/is-extglob": {
      "version": "2.1.1",
      "resolved": "https://registry.npmjs.org/is-extglob/-/is-extglob-2.1.1.tgz",
      "integrity": "sha512-SbKbANkN603Vi4jEZv49LeVJMn4yGwsbzZworEoyEiutsN3nJYdbO36zfhGJ6QEDpOZIFkDtnq5JRxmvl3jsoQ==",
      "dev": true,
      "engines": {
        "node": ">=0.10.0"
      }
    },
    "node_modules/is-glob": {
      "version": "4.0.3",
      "resolved": "https://registry.npmjs.org/is-glob/-/is-glob-4.0.3.tgz",
      "integrity": "sha512-xelSayHH36ZgE7ZWhli7pW34hNbNl8Ojv5KVmkJD4hBdD3th8Tfk9vYasLM+mXWOZhFkgZfxhLSnrwRr4elSSg==",
      "dev": true,
      "dependencies": {
        "is-extglob": "^2.1.1"
      },
      "engines": {
        "node": ">=0.10.0"
      }
    },
    "node_modules/is-number": {
      "version": "7.0.0",
      "resolved": "https://registry.npmjs.org/is-number/-/is-number-7.0.0.tgz",
      "integrity": "sha512-41Cifkg6e8TylSpdtTpeLVMqvSBEVzTttHvERD741+pnZ8ANv0004MRL43QKPDlK9cGvNp6NZWZUBlbGXYxxng==",
      "dev": true,
      "engines": {
        "node": ">=0.12.0"
      }
    },
    "node_modules/jsonc-parser": {
      "version": "2.3.1",
      "resolved": "https://registry.npmjs.org/jsonc-parser/-/jsonc-parser-2.3.1.tgz",
      "integrity": "sha512-H8jvkz1O50L3dMZCsLqiuB2tA7muqbSg1AtGEkN0leAqGjsUzDJir3Zwr02BhqdcITPg3ei3mZ+HjMocAknhhg==",
      "dev": true
    },
    "node_modules/merge2": {
      "version": "1.4.1",
      "resolved": "https://registry.npmjs.org/merge2/-/merge2-1.4.1.tgz",
      "integrity": "sha512-8q7VEgMJW4J8tcfVPy8g09NcQwZdbwFEqhe/WZkoIzjn/3TGDwtOCYtXGxA3O8tPzpczCCDgv+P2P5y00ZJOOg==",
      "dev": true,
      "engines": {
        "node": ">= 8"
      }
    },
    "node_modules/micromatch": {
      "version": "4.0.8",
      "resolved": "https://registry.npmjs.org/micromatch/-/micromatch-4.0.8.tgz",
      "integrity": "sha512-PXwfBhYu0hBCPw8Dn0E+WDYb7af3dSLVWKi3HGv84IdF4TyFoC0ysxFd0Goxw7nSv4T/PzEJQxsYsEiFCKo2BA==",
      "dev": true,
      "dependencies": {
        "braces": "^3.0.3",
        "picomatch": "^2.3.1"
      },
      "engines": {
        "node": ">=8.6"
      }
    },
    "node_modules/muggle-string": {
      "version": "0.4.1",
      "resolved": "https://registry.npmjs.org/muggle-string/-/muggle-string-0.4.1.tgz",
      "integrity": "sha512-VNTrAak/KhO2i8dqqnqnAHOa3cYBwXEZe9h+D5h/1ZqFSTEFHdM65lR7RoIqq3tBBYavsOXV84NoHXZ0AkPyqQ==",
      "dev": true
    },
    "node_modules/path-browserify": {
      "version": "1.0.1",
      "resolved": "https://registry.npmjs.org/path-browserify/-/path-browserify-1.0.1.tgz",
      "integrity": "sha512-b7uo2UCUOYZcnF/3ID0lulOJi/bafxa1xPe7ZPsammBSpjSWQkjNxlt635YGS2MiR9GjvuXCtz2emr3jbsz98g==",
      "dev": true
    },
    "node_modules/picomatch": {
      "version": "2.3.1",
      "resolved": "https://registry.npmjs.org/picomatch/-/picomatch-2.3.1.tgz",
      "integrity": "sha512-JU3teHTNjmE2VCGFzuY8EXzCDVwEqB2a8fsIvwaStHhAWJEeVd1o1QD80CU6+ZdEXXSLbSsuLwJjkCBWqRQUVA==",
      "dev": true,
      "engines": {
        "node": ">=8.6"
      },
      "funding": {
        "url": "https://github.com/sponsors/jonschlinkert"
      }
    },
    "node_modules/queue-microtask": {
      "version": "1.2.3",
      "resolved": "https://registry.npmjs.org/queue-microtask/-/queue-microtask-1.2.3.tgz",
      "integrity": "sha512-NuaNSa6flKT5JaSYQzJok04JzTL1CA6aGhv5rfLW3PgqA+M2ChpZQnAC8h8i4ZFkBS8X5RqkDBHA7r4hej3K9A==",
      "dev": true,
      "funding": [
        {
          "type": "github",
          "url": "https://github.com/sponsors/feross"
        },
        {
          "type": "patreon",
          "url": "https://www.patreon.com/feross"
        },
        {
          "type": "consulting",
          "url": "https://feross.org/support"
        }
      ]
    },
    "node_modules/request-light": {
      "version": "0.7.0",
      "resolved": "https://registry.npmjs.org/request-light/-/request-light-0.7.0.tgz",
      "integrity": "sha512-lMbBMrDoxgsyO+yB3sDcrDuX85yYt7sS8BfQd11jtbW/z5ZWgLZRcEGLsLoYw7I0WSUGQBs8CC8ScIxkTX1+6Q==",
      "dev": true
    },
    "node_modules/reusify": {
      "version": "1.0.4",
      "resolved": "https://registry.npmjs.org/reusify/-/reusify-1.0.4.tgz",
      "integrity": "sha512-U9nH88a3fc/ekCF1l0/UP1IosiuIjyTh7hBvXVMHYgVcfGvt897Xguj2UOLDeI5BG2m7/uwyaLVT6fbtCwTyzw==",
      "dev": true,
      "engines": {
        "iojs": ">=1.0.0",
        "node": ">=0.10.0"
      }
    },
    "node_modules/run-parallel": {
      "version": "1.2.0",
      "resolved": "https://registry.npmjs.org/run-parallel/-/run-parallel-1.2.0.tgz",
      "integrity": "sha512-5l4VyZR86LZ/lDxZTR6jqL8AFE2S0IFLMP26AbjsLVADxHdhB/c0GUsH+y39UfCi3dzz8OlQuPmnaJOMoDHQBA==",
      "dev": true,
      "funding": [
        {
          "type": "github",
          "url": "https://github.com/sponsors/feross"
        },
        {
          "type": "patreon",
          "url": "https://www.patreon.com/feross"
        },
        {
          "type": "consulting",
          "url": "https://feross.org/support"
        }
      ],
      "dependencies": {
        "queue-microtask": "^1.2.2"
      }
    },
    "node_modules/semver": {
      "version": "7.6.3",
      "resolved": "https://registry.npmjs.org/semver/-/semver-7.6.3.tgz",
      "integrity": "sha512-oVekP1cKtI+CTDvHWYFUcMtsK/00wmAEfyqKfNdARm8u1wNVhSgaX7A8d4UuIlUI5e84iEwOhs7ZPYRmzU9U6A==",
      "dev": true,
      "bin": {
        "semver": "bin/semver.js"
      },
      "engines": {
        "node": ">=10"
      }
    },
    "node_modules/to-regex-range": {
      "version": "5.0.1",
      "resolved": "https://registry.npmjs.org/to-regex-range/-/to-regex-range-5.0.1.tgz",
      "integrity": "sha512-65P7iz6X5yEr1cwcgvQxbbIw7Uk3gOy5dIdtZ4rDveLqhrdJP+Li/Hx6tyK0NEb+2GCyneCMJiGqrADCSNk8sQ==",
      "dev": true,
      "dependencies": {
        "is-number": "^7.0.0"
      },
      "engines": {
        "node": ">=8.0"
      }
    },
    "node_modules/typesafe-path": {
      "version": "0.2.2",
      "resolved": "https://registry.npmjs.org/typesafe-path/-/typesafe-path-0.2.2.tgz",
      "integrity": "sha512-OJabfkAg1WLZSqJAJ0Z6Sdt3utnbzr/jh+NAHoyWHJe8CMSy79Gm085094M9nvTPy22KzTVn5Zq5mbapCI/hPA==",
      "dev": true
    },
    "node_modules/typescript": {
      "version": "5.6.3",
      "resolved": "https://registry.npmjs.org/typescript/-/typescript-5.6.3.tgz",
      "integrity": "sha512-hjcS1mhfuyi4WW8IWtjP7brDrG2cuDZukyrYrSauoXGNgx0S7zceP07adYkJycEr56BOUTNPzbInooiN3fn1qw==",
      "dev": true,
      "peer": true,
      "bin": {
        "tsc": "bin/tsc",
        "tsserver": "bin/tsserver"
      },
      "engines": {
        "node": ">=14.17"
      }
    },
    "node_modules/typescript-auto-import-cache": {
      "version": "0.3.3",
      "resolved": "https://registry.npmjs.org/typescript-auto-import-cache/-/typescript-auto-import-cache-0.3.3.tgz",
      "integrity": "sha512-ojEC7+Ci1ij9eE6hp8Jl9VUNnsEKzztktP5gtYNRMrTmfXVwA1PITYYAkpxCvvupdSYa/Re51B6KMcv1CTZEUA==",
      "dev": true,
      "dependencies": {
        "semver": "^7.3.8"
      }
    },
    "node_modules/volar-service-css": {
      "version": "0.0.45",
      "resolved": "https://registry.npmjs.org/volar-service-css/-/volar-service-css-0.0.45.tgz",
      "integrity": "sha512-f+AlUI1+kESbcZSVaNJVAnK0c/9Da5StoxzPqA5/8VqUHJWNdubWNnwG5xpFVTfgh6pgTcey3UBhBfHytFaIOg==",
      "dev": true,
      "dependencies": {
        "vscode-css-languageservice": "^6.2.10",
        "vscode-languageserver-textdocument": "^1.0.11",
        "vscode-uri": "^3.0.8"
      },
      "peerDependencies": {
        "@volar/language-service": "~2.2.3"
      },
      "peerDependenciesMeta": {
        "@volar/language-service": {
          "optional": true
        }
      }
    },
    "node_modules/volar-service-emmet": {
      "version": "0.0.45",
      "resolved": "https://registry.npmjs.org/volar-service-emmet/-/volar-service-emmet-0.0.45.tgz",
      "integrity": "sha512-9nLXSDkR1vA/3fQkFEsSXAu3XovQxOpTkVG2jilQgfek/K1ZLkaA/WMhN/TtmPmQg4NxE9Ni6mA5udBQ5gVXIA==",
      "dev": true,
      "dependencies": {
        "@emmetio/css-parser": "^0.4.0",
        "@emmetio/html-matcher": "^1.3.0",
        "@vscode/emmet-helper": "^2.9.2"
      },
      "peerDependencies": {
        "@volar/language-service": "~2.2.3"
      },
      "peerDependenciesMeta": {
        "@volar/language-service": {
          "optional": true
        }
      }
    },
    "node_modules/volar-service-html": {
      "version": "0.0.45",
      "resolved": "https://registry.npmjs.org/volar-service-html/-/volar-service-html-0.0.45.tgz",
      "integrity": "sha512-tLTJqfy1v5C4nmeAsfekFIKPl4r4qDMyL0L9MWywr/EApZzPCsbeUGxCqdzxSMC2q7PMCfX2i167txDo+J0LVA==",
      "dev": true,
      "dependencies": {
        "vscode-html-languageservice": "npm:@johnsoncodehk/vscode-html-languageservice@5.2.0-34a5462",
        "vscode-languageserver-textdocument": "^1.0.11",
        "vscode-uri": "^3.0.8"
      },
      "peerDependencies": {
        "@volar/language-service": "~2.2.3"
      },
      "peerDependenciesMeta": {
        "@volar/language-service": {
          "optional": true
        }
      }
    },
    "node_modules/volar-service-html/node_modules/@vscode/l10n": {
      "version": "0.0.18",
      "resolved": "https://registry.npmjs.org/@vscode/l10n/-/l10n-0.0.18.tgz",
      "integrity": "sha512-KYSIHVmslkaCDyw013pphY+d7x1qV8IZupYfeIfzNA+nsaWHbn5uPuQRvdRFsa9zFzGeudPuoGoZ1Op4jrJXIQ==",
      "dev": true
    },
    "node_modules/volar-service-html/node_modules/vscode-html-languageservice": {
      "name": "@johnsoncodehk/vscode-html-languageservice",
      "version": "5.2.0-34a5462",
      "resolved": "https://registry.npmjs.org/@johnsoncodehk/vscode-html-languageservice/-/vscode-html-languageservice-5.2.0-34a5462.tgz",
      "integrity": "sha512-etqLfpSJ5zaw76KUNF603be6d6QsiQPmaHr9FKEp4zhLZJzWCCMH6Icak7MtLUFLZLMpL761mZNImi/joBo1ZA==",
      "dev": true,
      "dependencies": {
        "@vscode/l10n": "^0.0.18",
        "vscode-languageserver-textdocument": "^1.0.11",
        "vscode-languageserver-types": "^3.17.5",
        "vscode-uri": "^3.0.8"
      }
    },
    "node_modules/volar-service-prettier": {
      "version": "0.0.45",
      "resolved": "https://registry.npmjs.org/volar-service-prettier/-/volar-service-prettier-0.0.45.tgz",
      "integrity": "sha512-+mBS2EsDgp/kunKEBnHvhBwIQm5v2ahw4NKpKdg4sTpXy3UxqHt+Fq/wRYQ7Z8LlNVNRVfp75ThjM+w2zaZBAw==",
      "dev": true,
      "dependencies": {
        "vscode-uri": "^3.0.8"
      },
      "peerDependencies": {
        "@volar/language-service": "~2.2.3",
        "prettier": "^2.2 || ^3.0"
      },
      "peerDependenciesMeta": {
        "@volar/language-service": {
          "optional": true
        },
        "prettier": {
          "optional": true
        }
      }
    },
    "node_modules/volar-service-typescript": {
      "version": "0.0.45",
      "resolved": "https://registry.npmjs.org/volar-service-typescript/-/volar-service-typescript-0.0.45.tgz",
      "integrity": "sha512-i/mMIIAMastJ2kgPo3qvX0Rrl7NyxhIYZ0ug/B4ambZcLPI1vzBgS2fmvyWX3jhBYHh8NmbAotFj+0Y9JtN47A==",
      "dev": true,
      "dependencies": {
        "path-browserify": "^1.0.1",
        "semver": "^7.5.4",
        "typescript-auto-import-cache": "^0.3.1",
        "vscode-languageserver-textdocument": "^1.0.11",
        "vscode-nls": "^5.2.0"
      },
      "peerDependencies": {
        "@volar/language-service": "~2.2.3"
      },
      "peerDependenciesMeta": {
        "@volar/language-service": {
          "optional": true
        }
      }
    },
    "node_modules/volar-service-typescript-twoslash-queries": {
      "version": "0.0.45",
      "resolved": "https://registry.npmjs.org/volar-service-typescript-twoslash-queries/-/volar-service-typescript-twoslash-queries-0.0.45.tgz",
      "integrity": "sha512-KrPUUvKggZgV9mrDpstCzmf20irgv0ooMv+FGDzIIQUkya+d2+nSS8Mx2h9FvsYgLccUVw5jU3Rhwhd3pv/7qg==",
      "dev": true,
      "peerDependencies": {
        "@volar/language-service": "~2.2.3"
      },
      "peerDependenciesMeta": {
        "@volar/language-service": {
          "optional": true
        }
      }
    },
    "node_modules/vscode-css-languageservice": {
      "version": "6.3.1",
      "resolved": "https://registry.npmjs.org/vscode-css-languageservice/-/vscode-css-languageservice-6.3.1.tgz",
      "integrity": "sha512-1BzTBuJfwMc3A0uX4JBdJgoxp74cjj4q2mDJdp49yD/GuAq4X0k5WtK6fNcMYr+FfJ9nqgR6lpfCSZDkARJ5qQ==",
      "dev": true,
      "dependencies": {
        "@vscode/l10n": "^0.0.18",
        "vscode-languageserver-textdocument": "^1.0.12",
        "vscode-languageserver-types": "3.17.5",
        "vscode-uri": "^3.0.8"
      }
    },
    "node_modules/vscode-css-languageservice/node_modules/@vscode/l10n": {
      "version": "0.0.18",
      "resolved": "https://registry.npmjs.org/@vscode/l10n/-/l10n-0.0.18.tgz",
      "integrity": "sha512-KYSIHVmslkaCDyw013pphY+d7x1qV8IZupYfeIfzNA+nsaWHbn5uPuQRvdRFsa9zFzGeudPuoGoZ1Op4jrJXIQ==",
      "dev": true
    },
    "node_modules/vscode-html-languageservice": {
      "version": "5.3.1",
      "resolved": "https://registry.npmjs.org/vscode-html-languageservice/-/vscode-html-languageservice-5.3.1.tgz",
      "integrity": "sha512-ysUh4hFeW/WOWz/TO9gm08xigiSsV/FOAZ+DolgJfeLftna54YdmZ4A+lIn46RbdO3/Qv5QHTn1ZGqmrXQhZyA==",
      "dev": true,
      "dependencies": {
        "@vscode/l10n": "^0.0.18",
        "vscode-languageserver-textdocument": "^1.0.12",
        "vscode-languageserver-types": "^3.17.5",
        "vscode-uri": "^3.0.8"
      }
    },
    "node_modules/vscode-html-languageservice/node_modules/@vscode/l10n": {
      "version": "0.0.18",
      "resolved": "https://registry.npmjs.org/@vscode/l10n/-/l10n-0.0.18.tgz",
      "integrity": "sha512-KYSIHVmslkaCDyw013pphY+d7x1qV8IZupYfeIfzNA+nsaWHbn5uPuQRvdRFsa9zFzGeudPuoGoZ1Op4jrJXIQ==",
      "dev": true
    },
    "node_modules/vscode-jsonrpc": {
      "version": "8.2.0",
      "resolved": "https://registry.npmjs.org/vscode-jsonrpc/-/vscode-jsonrpc-8.2.0.tgz",
      "integrity": "sha512-C+r0eKJUIfiDIfwJhria30+TYWPtuHJXHtI7J0YlOmKAo7ogxP20T0zxB7HZQIFhIyvoBPwWskjxrvAtfjyZfA==",
      "dev": true,
      "engines": {
        "node": ">=14.0.0"
      }
    },
    "node_modules/vscode-languageserver": {
      "version": "9.0.1",
      "resolved": "https://registry.npmjs.org/vscode-languageserver/-/vscode-languageserver-9.0.1.tgz",
      "integrity": "sha512-woByF3PDpkHFUreUa7Hos7+pUWdeWMXRd26+ZX2A8cFx6v/JPTtd4/uN0/jB6XQHYaOlHbio03NTHCqrgG5n7g==",
      "dev": true,
      "dependencies": {
        "vscode-languageserver-protocol": "3.17.5"
      },
      "bin": {
        "installServerIntoExtension": "bin/installServerIntoExtension"
      }
    },
    "node_modules/vscode-languageserver-protocol": {
      "version": "3.17.5",
      "resolved": "https://registry.npmjs.org/vscode-languageserver-protocol/-/vscode-languageserver-protocol-3.17.5.tgz",
      "integrity": "sha512-mb1bvRJN8SVznADSGWM9u/b07H7Ecg0I3OgXDuLdn307rl/J3A9YD6/eYOssqhecL27hK1IPZAsaqh00i/Jljg==",
      "dev": true,
      "dependencies": {
        "vscode-jsonrpc": "8.2.0",
        "vscode-languageserver-types": "3.17.5"
      }
    },
    "node_modules/vscode-languageserver-textdocument": {
      "version": "1.0.12",
      "resolved": "https://registry.npmjs.org/vscode-languageserver-textdocument/-/vscode-languageserver-textdocument-1.0.12.tgz",
      "integrity": "sha512-cxWNPesCnQCcMPeenjKKsOCKQZ/L6Tv19DTRIGuLWe32lyzWhihGVJ/rcckZXJxfdKCFvRLS3fpBIsV/ZGX4zA==",
      "dev": true
    },
    "node_modules/vscode-languageserver-types": {
      "version": "3.17.5",
      "resolved": "https://registry.npmjs.org/vscode-languageserver-types/-/vscode-languageserver-types-3.17.5.tgz",
      "integrity": "sha512-Ld1VelNuX9pdF39h2Hgaeb5hEZM2Z3jUrrMgWQAu82jMtZp7p3vJT3BzToKtZI7NgQssZje5o0zryOrhQvzQAg==",
      "dev": true
    },
    "node_modules/vscode-nls": {
      "version": "5.2.0",
      "resolved": "https://registry.npmjs.org/vscode-nls/-/vscode-nls-5.2.0.tgz",
      "integrity": "sha512-RAaHx7B14ZU04EU31pT+rKz2/zSl7xMsfIZuo8pd+KZO6PXtQmpevpq3vxvWNcrGbdmhM/rr5Uw5Mz+NBfhVng==",
      "dev": true
    },
    "node_modules/vscode-uri": {
      "version": "3.0.8",
      "resolved": "https://registry.npmjs.org/vscode-uri/-/vscode-uri-3.0.8.tgz",
      "integrity": "sha512-AyFQ0EVmsOZOlAnxoFOGOq1SQDWAB7C6aqMGS23svWAllfOaxbuFvcT8D1i8z3Gyn8fraVeZNNmN6e9bxxXkKw==",
      "dev": true
    }
  }
}
