// !$*UTF8*$!
{
	archiveVersion = 1;
	classes = {
	};
	objectVersion = 48;
	objects = {

/* Begin PBXBuildFile section */
		2C1DA99F20EAAA360072F4DF /* RunDebugTest.swift in Sources */ = {isa = PBXBuildFile; fileRef = 2C1DA99E20EAAA360072F4DF /* RunDebugTest.swift */; };
		2CA2B81C2018BBA200DD1EA2 /* AppDelegate.swift in Sources */ = {isa = PBXBuildFile; fileRef = 2CA2B81B2018BBA200DD1EA2 /* AppDelegate.swift */; };
		2CA2B8202018BBA300DD1EA2 /* DetailViewController.swift in Sources */ = {isa = PBXBuildFile; fileRef = 2CA2B81F2018BBA300DD1EA2 /* DetailViewController.swift */; };
		2CA2B8232018BBA300DD1EA2 /* Main.storyboard in Resources */ = {isa = PBXBuildFile; fileRef = 2CA2B8212018BBA300DD1EA2 /* Main.storyboard */; };
		2CA2B8252018BBA300DD1EA2 /* Assets.xcassets in Resources */ = {isa = PBXBuildFile; fileRef = 2CA2B8242018BBA300DD1EA2 /* Assets.xcassets */; };
		2CA2B8282018BBA300DD1EA2 /* LaunchScreen.storyboard in Resources */ = {isa = PBXBuildFile; fileRef = 2CA2B8262018BBA300DD1EA2 /* LaunchScreen.storyboard */; };
		2CA2B8332018BBA300DD1EA2 /* LearnProjectTests.swift in Sources */ = {isa = PBXBuildFile; fileRef = 2CA2B8322018BBA300DD1EA2 /* LearnProjectTests.swift */; };
		2CA2B83E2018BBA300DD1EA2 /* LearnProjectUITests.swift in Sources */ = {isa = PBXBuildFile; fileRef = 2CA2B83D2018BBA300DD1EA2 /* LearnProjectUITests.swift */; };
		2CA2B84C2018BBB300DD1EA2 /* Navigation.swift in Sources */ = {isa = PBXBuildFile; fileRef = 2CA2B84B2018BBB300DD1EA2 /* Navigation.swift */; };
		2CA2B84E2018BBBD00DD1EA2 /* Refactorings.swift in Sources */ = {isa = PBXBuildFile; fileRef = 2CA2B84D2018BBBD00DD1EA2 /* Refactorings.swift */; };
		2CB9B37420E6A5E0009B264D /* CodeGeneration.swift in Sources */ = {isa = PBXBuildFile; fileRef = 2CB9B37320E6A5E0009B264D /* CodeGeneration.swift */; };
		2CECFA65216CFC1B0097372F /* Editor.swift in Sources */ = {isa = PBXBuildFile; fileRef = 2CECFA64216CFC1B0097372F /* Editor.swift */; };
		2CF2336520A5C8B700B72688 /* MasterViewController.swift in Sources */ = {isa = PBXBuildFile; fileRef = 2CF2336420A5C8B700B72688 /* MasterViewController.swift */; };
/* End PBXBuildFile section */

/* Begin PBXContainerItemProxy section */
		2CA2B82F2018BBA300DD1EA2 /* PBXContainerItemProxy */ = {
			isa = PBXContainerItemProxy;
			containerPortal = 2CA2B8102018BBA200DD1EA2 /* Project object */;
			proxyType = 1;
			remoteGlobalIDString = 2CA2B8172018BBA200DD1EA2;
			remoteInfo = LearnProject;
		};
		2CA2B83A2018BBA300DD1EA2 /* PBXContainerItemProxy */ = {
			isa = PBXContainerItemProxy;
			containerPortal = 2CA2B8102018BBA200DD1EA2 /* Project object */;
			proxyType = 1;
			remoteGlobalIDString = 2CA2B8172018BBA200DD1EA2;
			remoteInfo = LearnProject;
		};
/* End PBXContainerItemProxy section */

/* Begin PBXFileReference section */
		2C1DA99E20EAAA360072F4DF /* RunDebugTest.swift */ = {isa = PBXFileReference; lastKnownFileType = sourcecode.swift; path = RunDebugTest.swift; sourceTree = "<group>"; };
		2CA2B8182018BBA200DD1EA2 /* LearnProject.app */ = {isa = PBXFileReference; explicitFileType = wrapper.application; includeInIndex = 0; path = LearnProject.app; sourceTree = BUILT_PRODUCTS_DIR; };
		2CA2B81B2018BBA200DD1EA2 /* AppDelegate.swift */ = {isa = PBXFileReference; lastKnownFileType = sourcecode.swift; path = AppDelegate.swift; sourceTree = "<group>"; };
		2CA2B81F2018BBA300DD1EA2 /* DetailViewController.swift */ = {isa = PBXFileReference; lastKnownFileType = sourcecode.swift; path = DetailViewController.swift; sourceTree = "<group>"; };
		2CA2B8222018BBA300DD1EA2 /* Base */ = {isa = PBXFileReference; lastKnownFileType = file.storyboard; name = Base; path = Base.lproj/Main.storyboard; sourceTree = "<group>"; };
		2CA2B8242018BBA300DD1EA2 /* Assets.xcassets */ = {isa = PBXFileReference; lastKnownFileType = folder.assetcatalog; path = Assets.xcassets; sourceTree = "<group>"; };
		2CA2B8272018BBA300DD1EA2 /* Base */ = {isa = PBXFileReference; lastKnownFileType = file.storyboard; name = Base; path = Base.lproj/LaunchScreen.storyboard; sourceTree = "<group>"; };
		2CA2B8292018BBA300DD1EA2 /* Info.plist */ = {isa = PBXFileReference; lastKnownFileType = text.plist.xml; path = Info.plist; sourceTree = "<group>"; };
		2CA2B82E2018BBA300DD1EA2 /* LearnProjectTests.xctest */ = {isa = PBXFileReference; explicitFileType = wrapper.cfbundle; includeInIndex = 0; path = LearnProjectTests.xctest; sourceTree = BUILT_PRODUCTS_DIR; };
		2CA2B8322018BBA300DD1EA2 /* LearnProjectTests.swift */ = {isa = PBXFileReference; lastKnownFileType = sourcecode.swift; path = LearnProjectTests.swift; sourceTree = "<group>"; };
		2CA2B8342018BBA300DD1EA2 /* Info.plist */ = {isa = PBXFileReference; lastKnownFileType = text.plist.xml; path = Info.plist; sourceTree = "<group>"; };
		2CA2B8392018BBA300DD1EA2 /* LearnProjectUITests.xctest */ = {isa = PBXFileReference; explicitFileType = wrapper.cfbundle; includeInIndex = 0; path = LearnProjectUITests.xctest; sourceTree = BUILT_PRODUCTS_DIR; };
		2CA2B83D2018BBA300DD1EA2 /* LearnProjectUITests.swift */ = {isa = PBXFileReference; lastKnownFileType = sourcecode.swift; path = LearnProjectUITests.swift; sourceTree = "<group>"; };
		2CA2B83F2018BBA300DD1EA2 /* Info.plist */ = {isa = PBXFileReference; lastKnownFileType = text.plist.xml; path = Info.plist; sourceTree = "<group>"; };
		2CA2B84B2018BBB300DD1EA2 /* Navigation.swift */ = {isa = PBXFileReference; lastKnownFileType = sourcecode.swift; path = Navigation.swift; sourceTree = "<group>"; };
		2CA2B84D2018BBBD00DD1EA2 /* Refactorings.swift */ = {isa = PBXFileReference; lastKnownFileType = sourcecode.swift; path = Refactorings.swift; sourceTree = "<group>"; };
		2CB9B37320E6A5E0009B264D /* CodeGeneration.swift */ = {isa = PBXFileReference; lastKnownFileType = sourcecode.swift; path = CodeGeneration.swift; sourceTree = "<group>"; };
		2CECFA64216CFC1B0097372F /* Editor.swift */ = {isa = PBXFileReference; lastKnownFileType = sourcecode.swift; path = Editor.swift; sourceTree = "<group>"; };
		2CF2336420A5C8B700B72688 /* MasterViewController.swift */ = {isa = PBXFileReference; fileEncoding = 4; lastKnownFileType = sourcecode.swift; path = MasterViewController.swift; sourceTree = "<group>"; };
/* End PBXFileReference section */

/* Begin PBXFrameworksBuildPhase section */
		2CA2B8152018BBA200DD1EA2 /* Frameworks */ = {
			isa = PBXFrameworksBuildPhase;
			buildActionMask = 2147483647;
			files = (
			);
			runOnlyForDeploymentPostprocessing = 0;
		};
		2CA2B82B2018BBA300DD1EA2 /* Frameworks */ = {
			isa = PBXFrameworksBuildPhase;
			buildActionMask = 2147483647;
			files = (
			);
			runOnlyForDeploymentPostprocessing = 0;
		};
		2CA2B8362018BBA300DD1EA2 /* Frameworks */ = {
			isa = PBXFrameworksBuildPhase;
			buildActionMask = 2147483647;
			files = (
			);
			runOnlyForDeploymentPostprocessing = 0;
		};
/* End PBXFrameworksBuildPhase section */

/* Begin PBXGroup section */
		2CA2B80F2018BBA200DD1EA2 = {
			isa = PBXGroup;
			children = (
				2CA2B81A2018BBA200DD1EA2 /* LearnProject */,
				2CA2B8312018BBA300DD1EA2 /* LearnProjectTests */,
				2CA2B83C2018BBA300DD1EA2 /* LearnProjectUITests */,
				2CA2B8192018BBA200DD1EA2 /* Products */,
			);
			sourceTree = "<group>";
		};
		2CA2B8192018BBA200DD1EA2 /* Products */ = {
			isa = PBXGroup;
			children = (
				2CA2B8182018BBA200DD1EA2 /* LearnProject.app */,
				2CA2B82E2018BBA300DD1EA2 /* LearnProjectTests.xctest */,
				2CA2B8392018BBA300DD1EA2 /* LearnProjectUITests.xctest */,
			);
			name = Products;
			sourceTree = "<group>";
		};
		2CA2B81A2018BBA200DD1EA2 /* LearnProject */ = {
			isa = PBXGroup;
			children = (
				2CF2336420A5C8B700B72688 /* MasterViewController.swift */,
				2CA2B81B2018BBA200DD1EA2 /* AppDelegate.swift */,
				2CA2B84B2018BBB300DD1EA2 /* Navigation.swift */,
				2CA2B84D2018BBBD00DD1EA2 /* Refactorings.swift */,
				2CA2B81F2018BBA300DD1EA2 /* DetailViewController.swift */,
				2CB9B37320E6A5E0009B264D /* CodeGeneration.swift */,
				2C1DA99E20EAAA360072F4DF /* RunDebugTest.swift */,
				2CECFA64216CFC1B0097372F /* Editor.swift */,
				2CA2B8212018BBA300DD1EA2 /* Main.storyboard */,
				2CA2B8242018BBA300DD1EA2 /* Assets.xcassets */,
				2CA2B8262018BBA300DD1EA2 /* LaunchScreen.storyboard */,
				2CA2B8292018BBA300DD1EA2 /* Info.plist */,
			);
			path = LearnProject;
			sourceTree = "<group>";
		};
		2CA2B8312018BBA300DD1EA2 /* LearnProjectTests */ = {
			isa = PBXGroup;
			children = (
				2CA2B8322018BBA300DD1EA2 /* LearnProjectTests.swift */,
				2CA2B8342018BBA300DD1EA2 /* Info.plist */,
			);
			path = LearnProjectTests;
			sourceTree = "<group>";
		};
		2CA2B83C2018BBA300DD1EA2 /* LearnProjectUITests */ = {
			isa = PBXGroup;
			children = (
				2CA2B83D2018BBA300DD1EA2 /* LearnProjectUITests.swift */,
				2CA2B83F2018BBA300DD1EA2 /* Info.plist */,
			);
			path = LearnProjectUITests;
			sourceTree = "<group>";
		};
/* End PBXGroup section */

/* Begin PBXNativeTarget section */
		2CA2B8172018BBA200DD1EA2 /* LearnProject */ = {
			isa = PBXNativeTarget;
			buildConfigurationList = 2CA2B8422018BBA300DD1EA2 /* Build configuration list for PBXNativeTarget "LearnProject" */;
			buildPhases = (
				2CA2B8142018BBA200DD1EA2 /* Sources */,
				2CA2B8152018BBA200DD1EA2 /* Frameworks */,
				2CA2B8162018BBA200DD1EA2 /* Resources */,
			);
			buildRules = (
			);
			dependencies = (
			);
			name = LearnProject;
			productName = LearnProject;
			productReference = 2CA2B8182018BBA200DD1EA2 /* LearnProject.app */;
			productType = "com.apple.product-type.application";
		};
		2CA2B82D2018BBA300DD1EA2 /* LearnProjectTests */ = {
			isa = PBXNativeTarget;
			buildConfigurationList = 2CA2B8452018BBA300DD1EA2 /* Build configuration list for PBXNativeTarget "LearnProjectTests" */;
			buildPhases = (
				2CA2B82A2018BBA300DD1EA2 /* Sources */,
				2CA2B82B2018BBA300DD1EA2 /* Frameworks */,
				2CA2B82C2018BBA300DD1EA2 /* Resources */,
			);
			buildRules = (
			);
			dependencies = (
				2CA2B8302018BBA300DD1EA2 /* PBXTargetDependency */,
			);
			name = LearnProjectTests;
			productName = LearnProjectTests;
			productReference = 2CA2B82E2018BBA300DD1EA2 /* LearnProjectTests.xctest */;
			productType = "com.apple.product-type.bundle.unit-test";
		};
		2CA2B8382018BBA300DD1EA2 /* LearnProjectUITests */ = {
			isa = PBXNativeTarget;
			buildConfigurationList = 2CA2B8482018BBA300DD1EA2 /* Build configuration list for PBXNativeTarget "LearnProjectUITests" */;
			buildPhases = (
				2CA2B8352018BBA300DD1EA2 /* Sources */,
				2CA2B8362018BBA300DD1EA2 /* Frameworks */,
				2CA2B8372018BBA300DD1EA2 /* Resources */,
			);
			buildRules = (
			);
			dependencies = (
				2CA2B83B2018BBA300DD1EA2 /* PBXTargetDependency */,
			);
			name = LearnProjectUITests;
			productName = LearnProjectUITests;
			productReference = 2CA2B8392018BBA300DD1EA2 /* LearnProjectUITests.xctest */;
			productType = "com.apple.product-type.bundle.ui-testing";
		};
/* End PBXNativeTarget section */

/* Begin PBXProject section */
		2CA2B8102018BBA200DD1EA2 /* Project object */ = {
			isa = PBXProject;
			attributes = {
				LastSwiftUpdateCheck = 0920;
				LastUpgradeCheck = 1240;
				ORGANIZATIONNAME = jetbrains;
				TargetAttributes = {
					2CA2B8172018BBA200DD1EA2 = {
						CreatedOnToolsVersion = 9.2;
						LastSwiftMigration = 1130;
						ProvisioningStyle = Automatic;
					};
					2CA2B82D2018BBA300DD1EA2 = {
						CreatedOnToolsVersion = 9.2;
						LastSwiftMigration = 1130;
						ProvisioningStyle = Automatic;
						TestTargetID = 2CA2B8172018BBA200DD1EA2;
					};
					2CA2B8382018BBA300DD1EA2 = {
						CreatedOnToolsVersion = 9.2;
						LastSwiftMigration = 1130;
						ProvisioningStyle = Automatic;
						TestTargetID = 2CA2B8172018BBA200DD1EA2;
					};
				};
			};
			buildConfigurationList = 2CA2B8132018BBA200DD1EA2 /* Build configuration list for PBXProject "LearnProject" */;
			compatibilityVersion = "Xcode 8.0";
			developmentRegion = en;
			hasScannedForEncodings = 0;
			knownRegions = (
				en,
				Base,
			);
			mainGroup = 2CA2B80F2018BBA200DD1EA2;
			productRefGroup = 2CA2B8192018BBA200DD1EA2 /* Products */;
			projectDirPath = "";
			projectRoot = "";
			targets = (
				2CA2B8172018BBA200DD1EA2 /* LearnProject */,
				2CA2B82D2018BBA300DD1EA2 /* LearnProjectTests */,
				2CA2B8382018BBA300DD1EA2 /* LearnProjectUITests */,
			);
		};
/* End PBXProject section */

/* Begin PBXResourcesBuildPhase section */
		2CA2B8162018BBA200DD1EA2 /* Resources */ = {
			isa = PBXResourcesBuildPhase;
			buildActionMask = 2147483647;
			files = (
				2CA2B8282018BBA300DD1EA2 /* LaunchScreen.storyboard in Resources */,
				2CA2B8252018BBA300DD1EA2 /* Assets.xcassets in Resources */,
				2CA2B8232018BBA300DD1EA2 /* Main.storyboard in Resources */,
			);
			runOnlyForDeploymentPostprocessing = 0;
		};
		2CA2B82C2018BBA300DD1EA2 /* Resources */ = {
			isa = PBXResourcesBuildPhase;
			buildActionMask = 2147483647;
			files = (
			);
			runOnlyForDeploymentPostprocessing = 0;
		};
		2CA2B8372018BBA300DD1EA2 /* Resources */ = {
			isa = PBXResourcesBuildPhase;
			buildActionMask = 2147483647;
			files = (
			);
			runOnlyForDeploymentPostprocessing = 0;
		};
/* End PBXResourcesBuildPhase section */

/* Begin PBXSourcesBuildPhase section */
		2CA2B8142018BBA200DD1EA2 /* Sources */ = {
			isa = PBXSourcesBuildPhase;
			buildActionMask = 2147483647;
			files = (
				2CF2336520A5C8B700B72688 /* MasterViewController.swift in Sources */,
				2CA2B8202018BBA300DD1EA2 /* DetailViewController.swift in Sources */,
				2CB9B37420E6A5E0009B264D /* CodeGeneration.swift in Sources */,
				2C1DA99F20EAAA360072F4DF /* RunDebugTest.swift in Sources */,
				2CA2B84E2018BBBD00DD1EA2 /* Refactorings.swift in Sources */,
				2CA2B81C2018BBA200DD1EA2 /* AppDelegate.swift in Sources */,
				2CECFA65216CFC1B0097372F /* Editor.swift in Sources */,
				2CA2B84C2018BBB300DD1EA2 /* Navigation.swift in Sources */,
			);
			runOnlyForDeploymentPostprocessing = 0;
		};
		2CA2B82A2018BBA300DD1EA2 /* Sources */ = {
			isa = PBXSourcesBuildPhase;
			buildActionMask = 2147483647;
			files = (
				2CA2B8332018BBA300DD1EA2 /* LearnProjectTests.swift in Sources */,
			);
			runOnlyForDeploymentPostprocessing = 0;
		};
		2CA2B8352018BBA300DD1EA2 /* Sources */ = {
			isa = PBXSourcesBuildPhase;
			buildActionMask = 2147483647;
			files = (
				2CA2B83E2018BBA300DD1EA2 /* LearnProjectUITests.swift in Sources */,
			);
			runOnlyForDeploymentPostprocessing = 0;
		};
/* End PBXSourcesBuildPhase section */

/* Begin PBXTargetDependency section */
		2CA2B8302018BBA300DD1EA2 /* PBXTargetDependency */ = {
			isa = PBXTargetDependency;
			target = 2CA2B8172018BBA200DD1EA2 /* LearnProject */;
			targetProxy = 2CA2B82F2018BBA300DD1EA2 /* PBXContainerItemProxy */;
		};
		2CA2B83B2018BBA300DD1EA2 /* PBXTargetDependency */ = {
			isa = PBXTargetDependency;
			target = 2CA2B8172018BBA200DD1EA2 /* LearnProject */;
			targetProxy = 2CA2B83A2018BBA300DD1EA2 /* PBXContainerItemProxy */;
		};
/* End PBXTargetDependency section */

/* Begin PBXVariantGroup section */
		2CA2B8212018BBA300DD1EA2 /* Main.storyboard */ = {
			isa = PBXVariantGroup;
			children = (
				2CA2B8222018BBA300DD1EA2 /* Base */,
			);
			name = Main.storyboard;
			sourceTree = "<group>";
		};
		2CA2B8262018BBA300DD1EA2 /* LaunchScreen.storyboard */ = {
			isa = PBXVariantGroup;
			children = (
				2CA2B8272018BBA300DD1EA2 /* Base */,
			);
			name = LaunchScreen.storyboard;
			sourceTree = "<group>";
		};
/* End PBXVariantGroup section */

/* Begin XCBuildConfiguration section */
		2CA2B8402018BBA300DD1EA2 /* Debug */ = {
			isa = XCBuildConfiguration;
			buildSettings = {
				ALWAYS_SEARCH_USER_PATHS = NO;
				CLANG_ANALYZER_NONNULL = YES;
				CLANG_ANALYZER_NUMBER_OBJECT_CONVERSION = YES_AGGRESSIVE;
				CLANG_CXX_LANGUAGE_STANDARD = "gnu++14";
				CLANG_CXX_LIBRARY = "libc++";
				CLANG_ENABLE_MODULES = YES;
				CLANG_ENABLE_OBJC_ARC = YES;
				CLANG_WARN_BLOCK_CAPTURE_AUTORELEASING = YES;
				CLANG_WARN_BOOL_CONVERSION = YES;
				CLANG_WARN_COMMA = YES;
				CLANG_WARN_CONSTANT_CONVERSION = YES;
				CLANG_WARN_DEPRECATED_OBJC_IMPLEMENTATIONS = YES;
				CLANG_WARN_DIRECT_OBJC_ISA_USAGE = YES_ERROR;
				CLANG_WARN_DOCUMENTATION_COMMENTS = YES;
				CLANG_WARN_EMPTY_BODY = YES;
				CLANG_WARN_ENUM_CONVERSION = YES;
				CLANG_WARN_INFINITE_RECURSION = YES;
				CLANG_WARN_INT_CONVERSION = YES;
				CLANG_WARN_NON_LITERAL_NULL_CONVERSION = YES;
				CLANG_WARN_OBJC_IMPLICIT_RETAIN_SELF = YES;
				CLANG_WARN_OBJC_LITERAL_CONVERSION = YES;
				CLANG_WARN_OBJC_ROOT_CLASS = YES_ERROR;
				CLANG_WARN_QUOTED_INCLUDE_IN_FRAMEWORK_HEADER = YES;
				CLANG_WARN_RANGE_LOOP_ANALYSIS = YES;
				CLANG_WARN_STRICT_PROTOTYPES = YES;
				CLANG_WARN_SUSPICIOUS_MOVE = YES;
				CLANG_WARN_UNGUARDED_AVAILABILITY = YES_AGGRESSIVE;
				CLANG_WARN_UNREACHABLE_CODE = YES;
				CLANG_WARN__DUPLICATE_METHOD_MATCH = YES;
				CODE_SIGN_IDENTITY = "iPhone Developer";
				COPY_PHASE_STRIP = NO;
				DEBUG_INFORMATION_FORMAT = dwarf;
				ENABLE_STRICT_OBJC_MSGSEND = YES;
				ENABLE_TESTABILITY = YES;
				GCC_C_LANGUAGE_STANDARD = gnu11;
				GCC_DYNAMIC_NO_PIC = NO;
				GCC_NO_COMMON_BLOCKS = YES;
				GCC_OPTIMIZATION_LEVEL = 0;
				GCC_PREPROCESSOR_DEFINITIONS = (
					"DEBUG=1",
					"$(inherited)",
				);
				GCC_WARN_64_TO_32_BIT_CONVERSION = YES;
				GCC_WARN_ABOUT_RETURN_TYPE = YES_ERROR;
				GCC_WARN_UNDECLARED_SELECTOR = YES;
				GCC_WARN_UNINITIALIZED_AUTOS = YES_AGGRESSIVE;
				GCC_WARN_UNUSED_FUNCTION = YES;
				GCC_WARN_UNUSED_VARIABLE = YES;
				IPHONEOS_DEPLOYMENT_TARGET = 12.0;
				MTL_ENABLE_DEBUG_INFO = YES;
				ONLY_ACTIVE_ARCH = YES;
				SDKROOT = iphoneos;
				SWIFT_ACTIVE_COMPILATION_CONDITIONS = DEBUG;
				SWIFT_OPTIMIZATION_LEVEL = "-Onone";
			};
			name = Debug;
		};
		2CA2B8412018BBA300DD1EA2 /* Release */ = {
			isa = XCBuildConfiguration;
			buildSettings = {
				ALWAYS_SEARCH_USER_PATHS = NO;
				CLANG_ANALYZER_NONNULL = YES;
				CLANG_ANALYZER_NUMBER_OBJECT_CONVERSION = YES_AGGRESSIVE;
				CLANG_CXX_LANGUAGE_STANDARD = "gnu++14";
				CLANG_CXX_LIBRARY = "libc++";
				CLANG_ENABLE_MODULES = YES;
				CLANG_ENABLE_OBJC_ARC = YES;
				CLANG_WARN_BLOCK_CAPTURE_AUTORELEASING = YES;
				CLANG_WARN_BOOL_CONVERSION = YES;
				CLANG_WARN_COMMA = YES;
				CLANG_WARN_CONSTANT_CONVERSION = YES;
				CLANG_WARN_DEPRECATED_OBJC_IMPLEMENTATIONS = YES;
				CLANG_WARN_DIRECT_OBJC_ISA_USAGE = YES_ERROR;
				CLANG_WARN_DOCUMENTATION_COMMENTS = YES;
				CLANG_WARN_EMPTY_BODY = YES;
				CLANG_WARN_ENUM_CONVERSION = YES;
				CLANG_WARN_INFINITE_RECURSION = YES;
				CLANG_WARN_INT_CONVERSION = YES;
				CLANG_WARN_NON_LITERAL_NULL_CONVERSION = YES;
				CLANG_WARN_OBJC_IMPLICIT_RETAIN_SELF = YES;
				CLANG_WARN_OBJC_LITERAL_CONVERSION = YES;
				CLANG_WARN_OBJC_ROOT_CLASS = YES_ERROR;
				CLANG_WARN_QUOTED_INCLUDE_IN_FRAMEWORK_HEADER = YES;
				CLANG_WARN_RANGE_LOOP_ANALYSIS = YES;
				CLANG_WARN_STRICT_PROTOTYPES = YES;
				CLANG_WARN_SUSPICIOUS_MOVE = YES;
				CLANG_WARN_UNGUARDED_AVAILABILITY = YES_AGGRESSIVE;
				CLANG_WARN_UNREACHABLE_CODE = YES;
				CLANG_WARN__DUPLICATE_METHOD_MATCH = YES;
				CODE_SIGN_IDENTITY = "iPhone Developer";
				COPY_PHASE_STRIP = NO;
				DEBUG_INFORMATION_FORMAT = "dwarf-with-dsym";
				ENABLE_NS_ASSERTIONS = NO;
				ENABLE_STRICT_OBJC_MSGSEND = YES;
				GCC_C_LANGUAGE_STANDARD = gnu11;
				GCC_NO_COMMON_BLOCKS = YES;
				GCC_WARN_64_TO_32_BIT_CONVERSION = YES;
				GCC_WARN_ABOUT_RETURN_TYPE = YES_ERROR;
				GCC_WARN_UNDECLARED_SELECTOR = YES;
				GCC_WARN_UNINITIALIZED_AUTOS = YES_AGGRESSIVE;
				GCC_WARN_UNUSED_FUNCTION = YES;
				GCC_WARN_UNUSED_VARIABLE = YES;
				IPHONEOS_DEPLOYMENT_TARGET = 12.0;
				MTL_ENABLE_DEBUG_INFO = NO;
				SDKROOT = iphoneos;
				SWIFT_OPTIMIZATION_LEVEL = "-Owholemodule";
				VALIDATE_PRODUCT = YES;
			};
			name = Release;
		};
		2CA2B8432018BBA300DD1EA2 /* Debug */ = {
			isa = XCBuildConfiguration;
			buildSettings = {
				ASSETCATALOG_COMPILER_APPICON_NAME = AppIcon;
				CODE_SIGN_STYLE = Automatic;
				INFOPLIST_FILE = LearnProject/Info.plist;
				LD_RUNPATH_SEARCH_PATHS = "$(inherited) @executable_path/Frameworks";
				PRODUCT_BUNDLE_IDENTIFIER = com.jetbrains.LearnProject;
				PRODUCT_NAME = "$(TARGET_NAME)";
				SWIFT_VERSION = 5.0;
				TARGETED_DEVICE_FAMILY = "1,2";
			};
			name = Debug;
		};
		2CA2B8442018BBA300DD1EA2 /* Release */ = {
			isa = XCBuildConfiguration;
			buildSettings = {
				ASSETCATALOG_COMPILER_APPICON_NAME = AppIcon;
				CODE_SIGN_STYLE = Automatic;
				INFOPLIST_FILE = LearnProject/Info.plist;
				LD_RUNPATH_SEARCH_PATHS = "$(inherited) @executable_path/Frameworks";
				PRODUCT_BUNDLE_IDENTIFIER = com.jetbrains.LearnProject;
				PRODUCT_NAME = "$(TARGET_NAME)";
				SWIFT_VERSION = 5.0;
				TARGETED_DEVICE_FAMILY = "1,2";
			};
			name = Release;
		};
		2CA2B8462018BBA300DD1EA2 /* Debug */ = {
			isa = XCBuildConfiguration;
			buildSettings = {
				ALWAYS_EMBED_SWIFT_STANDARD_LIBRARIES = YES;
				BUNDLE_LOADER = "$(TEST_HOST)";
				CODE_SIGN_STYLE = Automatic;
				INFOPLIST_FILE = LearnProjectTests/Info.plist;
				LD_RUNPATH_SEARCH_PATHS = "$(inherited) @executable_path/Frameworks @loader_path/Frameworks";
				PRODUCT_BUNDLE_IDENTIFIER = com.jetbrains.LearnProjectTests;
				PRODUCT_NAME = "$(TARGET_NAME)";
				SWIFT_VERSION = 5.0;
				TARGETED_DEVICE_FAMILY = "1,2";
				TEST_HOST = "$(BUILT_PRODUCTS_DIR)/LearnProject.app/LearnProject";
			};
			name = Debug;
		};
		2CA2B8472018BBA300DD1EA2 /* Release */ = {
			isa = XCBuildConfiguration;
			buildSettings = {
				ALWAYS_EMBED_SWIFT_STANDARD_LIBRARIES = YES;
				BUNDLE_LOADER = "$(TEST_HOST)";
				CODE_SIGN_STYLE = Automatic;
				INFOPLIST_FILE = LearnProjectTests/Info.plist;
				LD_RUNPATH_SEARCH_PATHS = "$(inherited) @executable_path/Frameworks @loader_path/Frameworks";
				PRODUCT_BUNDLE_IDENTIFIER = com.jetbrains.LearnProjectTests;
				PRODUCT_NAME = "$(TARGET_NAME)";
				SWIFT_VERSION = 5.0;
				TARGETED_DEVICE_FAMILY = "1,2";
				TEST_HOST = "$(BUILT_PRODUCTS_DIR)/LearnProject.app/LearnProject";
			};
			name = Release;
		};
		2CA2B8492018BBA300DD1EA2 /* Debug */ = {
			isa = XCBuildConfiguration;
			buildSettings = {
				ALWAYS_EMBED_SWIFT_STANDARD_LIBRARIES = YES;
				CODE_SIGN_STYLE = Automatic;
				INFOPLIST_FILE = LearnProjectUITests/Info.plist;
				LD_RUNPATH_SEARCH_PATHS = "$(inherited) @executable_path/Frameworks @loader_path/Frameworks";
				PRODUCT_BUNDLE_IDENTIFIER = com.jetbrains.LearnProjectUITests;
				PRODUCT_NAME = "$(TARGET_NAME)";
				SWIFT_VERSION = 5.0;
				TARGETED_DEVICE_FAMILY = "1,2";
				TEST_TARGET_NAME = LearnProject;
			};
			name = Debug;
		};
		2CA2B84A2018BBA300DD1EA2 /* Release */ = {
			isa = XCBuildConfiguration;
			buildSettings = {
				ALWAYS_EMBED_SWIFT_STANDARD_LIBRARIES = YES;
				CODE_SIGN_STYLE = Automatic;
				INFOPLIST_FILE = LearnProjectUITests/Info.plist;
				LD_RUNPATH_SEARCH_PATHS = "$(inherited) @executable_path/Frameworks @loader_path/Frameworks";
				PRODUCT_BUNDLE_IDENTIFIER = com.jetbrains.LearnProjectUITests;
				PRODUCT_NAME = "$(TARGET_NAME)";
				SWIFT_VERSION = 5.0;
				TARGETED_DEVICE_FAMILY = "1,2";
				TEST_TARGET_NAME = LearnProject;
			};
			name = Release;
		};
/* End XCBuildConfiguration section */

/* Begin XCConfigurationList section */
		2CA2B8132018BBA200DD1EA2 /* Build configuration list for PBXProject "LearnProject" */ = {
			isa = XCConfigurationList;
			buildConfigurations = (
				2CA2B8402018BBA300DD1EA2 /* Debug */,
				2CA2B8412018BBA300DD1EA2 /* Release */,
			);
			defaultConfigurationIsVisible = 0;
			defaultConfigurationName = Release;
		};
		2CA2B8422018BBA300DD1EA2 /* Build configuration list for PBXNativeTarget "LearnProject" */ = {
			isa = XCConfigurationList;
			buildConfigurations = (
				2CA2B8432018BBA300DD1EA2 /* Debug */,
				2CA2B8442018BBA300DD1EA2 /* Release */,
			);
			defaultConfigurationIsVisible = 0;
			defaultConfigurationName = Release;
		};
		2CA2B8452018BBA300DD1EA2 /* Build configuration list for PBXNativeTarget "LearnProjectTests" */ = {
			isa = XCConfigurationList;
			buildConfigurations = (
				2CA2B8462018BBA300DD1EA2 /* Debug */,
				2CA2B8472018BBA300DD1EA2 /* Release */,
			);
			defaultConfigurationIsVisible = 0;
			defaultConfigurationName = Release;
		};
		2CA2B8482018BBA300DD1EA2 /* Build configuration list for PBXNativeTarget "LearnProjectUITests" */ = {
			isa = XCConfigurationList;
			buildConfigurations = (
				2CA2B8492018BBA300DD1EA2 /* Debug */,
				2CA2B84A2018BBA300DD1EA2 /* Release */,
			);
			defaultConfigurationIsVisible = 0;
			defaultConfigurationName = Release;
		};
/* End XCConfigurationList section */
	};
	rootObject = 2CA2B8102018BBA200DD1EA2 /* Project object */;
}
