{
  "name": "prettier-idea",
  "version": "0.0.1",
  "lockfileVersion": 1,
  "requires": true,
  "dependencies": {
    "@types/prettier": {
      "version": "1.16.4",
      "resolved": "https://registry.npmjs.org/@types/prettier/-/prettier-1.16.4.tgz",
      "integrity": "sha512-MG7ExKBo7AQ5UrL1awyYLNinNM/kyXgE4iP4Ul9fB+T7n768Z5Xem8IZeP6Bna0xze8gkDly49Rgge2HOEw4xA==",
      "dev": true
    },
    "prettier": {
      "version": "1.17.1",
      "resolved": "https://registry.npmjs.org/prettier/-/prettier-1.17.1.tgz",
      "integrity": "sha512-TzGRNvuUSmPgwivDqkZ9tM/qTGW9hqDKWOE9YHiyQdixlKbv7kvEqsmDPrcHJTKwthU774TQwZXVtaQ/mMsvjg==",
      "dev": true
    }
  }
}
