{
  "name": "ws-typescript-angular-plugin",
  "version": "0.0.1",
  "lockfileVersion": 2,
  "requires": true,
  "packages": {
    "": {
      "name": "ws-typescript-angular-plugin",
      "version": "0.0.1",
      "dependencies": {
        "@volar/typescript": "~2.2.2",
        "tsc-ide-plugin": "file:/../../../plugins/JavaScriptLanguage/src/tscplugin"
      },
      "devDependencies": {
        "@types/node": "^18.13.10",
        "typescript": "^5.1.0"
      }
    },
    "../../../plugins/JavaScriptLanguage/src/tscplugin": {
      "version": "0.0.1",
      "devDependencies": {
        "@types/node": "^18.15.3",
        "typescript": "4.9.5"
      }
    },
    "node_modules/@types/node": {
      "version": "18.19.33",
      "resolved": "https://registry.npmjs.org/@types/node/-/node-18.19.33.tgz",
      "integrity": "sha512-NR9+KrpSajr2qBVp/Yt5TU/rp+b5Mayi3+OlMlcg2cVCfRmcG5PWZ7S4+MG9PZ5gWBoc9Pd0BKSRViuBCRPu0A==",
      "dev": true,
      "dependencies": {
        "undici-types": "~5.26.4"
      }
    },
    "node_modules/@volar/language-core": {
      "version": "2.2.2",
      "resolved": "https://registry.npmjs.org/@volar/language-core/-/language-core-2.2.2.tgz",
      "integrity": "sha512-GuvEL4JdxbnLVhPLICncCGT+tVW4cIz9GxXNeDofNnJ4iNTKhr5suGVsA1GLOne9PbraSjn8PlLt+pvLxuRVeQ==",
      "dependencies": {
        "@volar/source-map": "2.2.2"
      }
    },
    "node_modules/@volar/source-map": {
      "version": "2.2.2",
      "resolved": "https://registry.npmjs.org/@volar/source-map/-/source-map-2.2.2.tgz",
      "integrity": "sha512-vUwvZuSW6iN4JI9QRinh9EjFasx1TUtnaWMKwgWx08xz1PyYuNkLlWlrZXBZ5GGBhML0u230M/7X+AHY2h9yKg==",
      "dependencies": {
        "muggle-string": "^0.4.0"
      }
    },
    "node_modules/@volar/typescript": {
      "version": "2.2.2",
      "resolved": "https://registry.npmjs.org/@volar/typescript/-/typescript-2.2.2.tgz",
      "integrity": "sha512-WcwOREz7+uOrpjUrKhOMaOKKmyPdtqF95HWX7SE0d9hhBB1KkfahxhaAex5U9Bn43LfINHlycLoYCNEtfeKm0g==",
      "dependencies": {
        "@volar/language-core": "2.2.2",
        "path-browserify": "^1.0.1"
      }
    },
    "node_modules/muggle-string": {
      "version": "0.4.1",
      "resolved": "https://registry.npmjs.org/muggle-string/-/muggle-string-0.4.1.tgz",
      "integrity": "sha512-VNTrAak/KhO2i8dqqnqnAHOa3cYBwXEZe9h+D5h/1ZqFSTEFHdM65lR7RoIqq3tBBYavsOXV84NoHXZ0AkPyqQ=="
    },
    "node_modules/path-browserify": {
      "version": "1.0.1",
      "resolved": "https://registry.npmjs.org/path-browserify/-/path-browserify-1.0.1.tgz",
      "integrity": "sha512-b7uo2UCUOYZcnF/3ID0lulOJi/bafxa1xPe7ZPsammBSpjSWQkjNxlt635YGS2MiR9GjvuXCtz2emr3jbsz98g=="
    },
    "node_modules/tsc-ide-plugin": {
      "resolved": "../../../plugins/JavaScriptLanguage/src/tscplugin",
      "link": true
    },
    "node_modules/typescript": {
      "version": "5.4.5",
      "resolved": "https://registry.npmjs.org/typescript/-/typescript-5.4.5.tgz",
      "integrity": "sha512-vcI4UpRgg81oIRUFwR0WSIHKt11nJ7SAVlYNIu+QpqeyXP+gpQJy/Z4+F0aGxSE4MqwjyXvW/TzgkLAx2AGHwQ==",
      "dev": true,
      "bin": {
        "tsc": "bin/tsc",
        "tsserver": "bin/tsserver"
      },
      "engines": {
        "node": ">=14.17"
      }
    },
    "node_modules/undici-types": {
      "version": "5.26.5",
      "resolved": "https://registry.npmjs.org/undici-types/-/undici-types-5.26.5.tgz",
      "integrity": "sha512-JlCMO+ehdEIKqlFxk6IfVoAUVmgz7cU7zD/h9XZ0qzeosSHmUJVOzSQvvYSYWXkFXC+IfLKSIffhv0sVZup6pA==",
      "dev": true
    }
  },
  "dependencies": {
    "@types/node": {
      "version": "18.19.33",
      "resolved": "https://registry.npmjs.org/@types/node/-/node-18.19.33.tgz",
      "integrity": "sha512-NR9+KrpSajr2qBVp/Yt5TU/rp+b5Mayi3+OlMlcg2cVCfRmcG5PWZ7S4+MG9PZ5gWBoc9Pd0BKSRViuBCRPu0A==",
      "dev": true,
      "requires": {
        "undici-types": "~5.26.4"
      }
    },
    "@volar/language-core": {
      "version": "2.2.2",
      "resolved": "https://registry.npmjs.org/@volar/language-core/-/language-core-2.2.2.tgz",
      "integrity": "sha512-GuvEL4JdxbnLVhPLICncCGT+tVW4cIz9GxXNeDofNnJ4iNTKhr5suGVsA1GLOne9PbraSjn8PlLt+pvLxuRVeQ==",
      "requires": {
        "@volar/source-map": "2.2.2"
      }
    },
    "@volar/source-map": {
      "version": "2.2.2",
      "resolved": "https://registry.npmjs.org/@volar/source-map/-/source-map-2.2.2.tgz",
      "integrity": "sha512-vUwvZuSW6iN4JI9QRinh9EjFasx1TUtnaWMKwgWx08xz1PyYuNkLlWlrZXBZ5GGBhML0u230M/7X+AHY2h9yKg==",
      "requires": {
        "muggle-string": "^0.4.0"
      }
    },
    "@volar/typescript": {
      "version": "2.2.2",
      "resolved": "https://registry.npmjs.org/@volar/typescript/-/typescript-2.2.2.tgz",
      "integrity": "sha512-WcwOREz7+uOrpjUrKhOMaOKKmyPdtqF95HWX7SE0d9hhBB1KkfahxhaAex5U9Bn43LfINHlycLoYCNEtfeKm0g==",
      "requires": {
        "@volar/language-core": "2.2.2",
        "path-browserify": "^1.0.1"
      }
    },
    "muggle-string": {
      "version": "0.4.1",
      "resolved": "https://registry.npmjs.org/muggle-string/-/muggle-string-0.4.1.tgz",
      "integrity": "sha512-VNTrAak/KhO2i8dqqnqnAHOa3cYBwXEZe9h+D5h/1ZqFSTEFHdM65lR7RoIqq3tBBYavsOXV84NoHXZ0AkPyqQ=="
    },
    "path-browserify": {
      "version": "1.0.1",
      "resolved": "https://registry.npmjs.org/path-browserify/-/path-browserify-1.0.1.tgz",
      "integrity": "sha512-b7uo2UCUOYZcnF/3ID0lulOJi/bafxa1xPe7ZPsammBSpjSWQkjNxlt635YGS2MiR9GjvuXCtz2emr3jbsz98g=="
    },
    "tsc-ide-plugin": {
      "version": "file:../../../plugins/JavaScriptLanguage/src/tscplugin",
      "requires": {
        "@types/node": "^18.15.3",
        "typescript": "4.9.5"
      }
    },
    "typescript": {
      "version": "5.4.5",
      "resolved": "https://registry.npmjs.org/typescript/-/typescript-5.4.5.tgz",
      "integrity": "sha512-vcI4UpRgg81oIRUFwR0WSIHKt11nJ7SAVlYNIu+QpqeyXP+gpQJy/Z4+F0aGxSE4MqwjyXvW/TzgkLAx2AGHwQ==",
      "dev": true
    },
    "undici-types": {
      "version": "5.26.5",
      "resolved": "https://registry.npmjs.org/undici-types/-/undici-types-5.26.5.tgz",
      "integrity": "sha512-JlCMO+ehdEIKqlFxk6IfVoAUVmgz7cU7zD/h9XZ0qzeosSHmUJVOzSQvvYSYWXkFXC+IfLKSIffhv0sVZup6pA==",
      "dev": true
    }
  }
}
