{
  "name": "ws-typescript-angular-plugin",
  "version": "0.0.1",
  "lockfileVersion": 2,
  "requires": true,
  "packages": {
    "": {
      "name": "ws-typescript-angular-plugin",
      "version": "0.0.1",
      "dependencies": {
        "@volar/typescript": "2.3.0-alpha.7",
        "tsc-ide-plugin": "file:/../../../plugins/JavaScriptLanguage/src/tscplugin"
      },
      "devDependencies": {
        "@types/node": "^18.13.10",
        "typescript": "^5.1.0"
      }
    },
    "../../../plugins/JavaScriptLanguage/src/tscplugin": {
      "name": "tsc-ide-plugin",
      "version": "0.0.1",
      "devDependencies": {
        "@types/node": "^18.15.3",
        "typescript": "4.9.5"
      }
    },
    "node_modules/@types/node": {
      "version": "18.19.33",
      "resolved": "https://registry.npmjs.org/@types/node/-/node-18.19.33.tgz",
      "integrity": "sha512-NR9+KrpSajr2qBVp/Yt5TU/rp+b5Mayi3+OlMlcg2cVCfRmcG5PWZ7S4+MG9PZ5gWBoc9Pd0BKSRViuBCRPu0A==",
      "dev": true,
      "dependencies": {
        "undici-types": "~5.26.4"
      }
    },
    "node_modules/@volar/language-core": {
      "version": "2.3.0-alpha.7",
      "resolved": "https://registry.npmjs.org/@volar/language-core/-/language-core-2.3.0-alpha.7.tgz",
      "integrity": "sha512-9c64n7Q1h5ZcKzlv/kpEYzsW2IyKjkNzb8tJUdHU4Ax/Y7HZsowdUCild6tU2MJpGQrqvOC0GI2XBvAjoKWgiQ==",
      "dependencies": {
        "@volar/source-map": "2.3.0-alpha.7"
      }
    },
    "node_modules/@volar/source-map": {
      "version": "2.3.0-alpha.7",
      "resolved": "https://registry.npmjs.org/@volar/source-map/-/source-map-2.3.0-alpha.7.tgz",
      "integrity": "sha512-bf/SiYMTgqjrTS+EjZYPrHLfbazmgHFAr+RA4j4xQi4Yx9nw3smKrxoLj1VzYGjkq88jC+oVt5CBAmkqImXEbQ==",
      "dependencies": {
        "muggle-string": "^0.4.0"
      }
    },
    "node_modules/@volar/typescript": {
      "version": "2.3.0-alpha.7",
      "resolved": "https://registry.npmjs.org/@volar/typescript/-/typescript-2.3.0-alpha.7.tgz",
      "integrity": "sha512-0ZNWNKhF9bSM828vfxXvRS4LfHRRIuIsjBLb8zVPPtSiEEGjs0obJKs/vYtnxbCgm3DvJoJYaJ8YC7oM6GzVsA==",
      "dependencies": {
        "@volar/language-core": "2.3.0-alpha.7",
        "path-browserify": "^1.0.1",
        "vscode-uri": "^3.0.8"
      }
    },
    "node_modules/muggle-string": {
      "version": "0.4.1",
      "resolved": "https://registry.npmjs.org/muggle-string/-/muggle-string-0.4.1.tgz",
      "integrity": "sha512-VNTrAak/KhO2i8dqqnqnAHOa3cYBwXEZe9h+D5h/1ZqFSTEFHdM65lR7RoIqq3tBBYavsOXV84NoHXZ0AkPyqQ=="
    },
    "node_modules/path-browserify": {
      "version": "1.0.1",
      "resolved": "https://registry.npmjs.org/path-browserify/-/path-browserify-1.0.1.tgz",
      "integrity": "sha512-b7uo2UCUOYZcnF/3ID0lulOJi/bafxa1xPe7ZPsammBSpjSWQkjNxlt635YGS2MiR9GjvuXCtz2emr3jbsz98g=="
    },
    "node_modules/tsc-ide-plugin": {
      "resolved": "../../../plugins/JavaScriptLanguage/src/tscplugin",
      "link": true
    },
    "node_modules/typescript": {
      "version": "5.4.5",
      "resolved": "https://registry.npmjs.org/typescript/-/typescript-5.4.5.tgz",
      "integrity": "sha512-vcI4UpRgg81oIRUFwR0WSIHKt11nJ7SAVlYNIu+QpqeyXP+gpQJy/Z4+F0aGxSE4MqwjyXvW/TzgkLAx2AGHwQ==",
      "dev": true,
      "bin": {
        "tsc": "bin/tsc",
        "tsserver": "bin/tsserver"
      },
      "engines": {
        "node": ">=14.17"
      }
    },
    "node_modules/undici-types": {
      "version": "5.26.5",
      "resolved": "https://registry.npmjs.org/undici-types/-/undici-types-5.26.5.tgz",
      "integrity": "sha512-JlCMO+ehdEIKqlFxk6IfVoAUVmgz7cU7zD/h9XZ0qzeosSHmUJVOzSQvvYSYWXkFXC+IfLKSIffhv0sVZup6pA==",
      "dev": true
    },
    "node_modules/vscode-uri": {
      "version": "3.0.8",
      "resolved": "https://registry.npmjs.org/vscode-uri/-/vscode-uri-3.0.8.tgz",
      "integrity": "sha512-AyFQ0EVmsOZOlAnxoFOGOq1SQDWAB7C6aqMGS23svWAllfOaxbuFvcT8D1i8z3Gyn8fraVeZNNmN6e9bxxXkKw=="
    }
  },
  "dependencies": {
    "@types/node": {
      "version": "18.19.33",
      "resolved": "https://registry.npmjs.org/@types/node/-/node-18.19.33.tgz",
      "integrity": "sha512-NR9+KrpSajr2qBVp/Yt5TU/rp+b5Mayi3+OlMlcg2cVCfRmcG5PWZ7S4+MG9PZ5gWBoc9Pd0BKSRViuBCRPu0A==",
      "dev": true,
      "requires": {
        "undici-types": "~5.26.4"
      }
    },
    "@volar/language-core": {
      "version": "2.3.0-alpha.7",
      "resolved": "https://registry.npmjs.org/@volar/language-core/-/language-core-2.3.0-alpha.7.tgz",
      "integrity": "sha512-9c64n7Q1h5ZcKzlv/kpEYzsW2IyKjkNzb8tJUdHU4Ax/Y7HZsowdUCild6tU2MJpGQrqvOC0GI2XBvAjoKWgiQ==",
      "requires": {
        "@volar/source-map": "2.3.0-alpha.7"
      }
    },
    "@volar/source-map": {
      "version": "2.3.0-alpha.7",
      "resolved": "https://registry.npmjs.org/@volar/source-map/-/source-map-2.3.0-alpha.7.tgz",
      "integrity": "sha512-bf/SiYMTgqjrTS+EjZYPrHLfbazmgHFAr+RA4j4xQi4Yx9nw3smKrxoLj1VzYGjkq88jC+oVt5CBAmkqImXEbQ==",
      "requires": {
        "muggle-string": "^0.4.0"
      }
    },
    "@volar/typescript": {
      "version": "2.3.0-alpha.7",
      "resolved": "https://registry.npmjs.org/@volar/typescript/-/typescript-2.3.0-alpha.7.tgz",
      "integrity": "sha512-0ZNWNKhF9bSM828vfxXvRS4LfHRRIuIsjBLb8zVPPtSiEEGjs0obJKs/vYtnxbCgm3DvJoJYaJ8YC7oM6GzVsA==",
      "requires": {
        "@volar/language-core": "2.3.0-alpha.7",
        "path-browserify": "^1.0.1",
        "vscode-uri": "^3.0.8"
      }
    },
    "muggle-string": {
      "version": "0.4.1",
      "resolved": "https://registry.npmjs.org/muggle-string/-/muggle-string-0.4.1.tgz",
      "integrity": "sha512-VNTrAak/KhO2i8dqqnqnAHOa3cYBwXEZe9h+D5h/1ZqFSTEFHdM65lR7RoIqq3tBBYavsOXV84NoHXZ0AkPyqQ=="
    },
    "path-browserify": {
      "version": "1.0.1",
      "resolved": "https://registry.npmjs.org/path-browserify/-/path-browserify-1.0.1.tgz",
      "integrity": "sha512-b7uo2UCUOYZcnF/3ID0lulOJi/bafxa1xPe7ZPsammBSpjSWQkjNxlt635YGS2MiR9GjvuXCtz2emr3jbsz98g=="
    },
    "tsc-ide-plugin": {
      "version": "file:../../../plugins/JavaScriptLanguage/src/tscplugin",
      "requires": {
        "@types/node": "^18.15.3",
        "typescript": "4.9.5"
      }
    },
    "typescript": {
      "version": "5.4.5",
      "resolved": "https://registry.npmjs.org/typescript/-/typescript-5.4.5.tgz",
      "integrity": "sha512-vcI4UpRgg81oIRUFwR0WSIHKt11nJ7SAVlYNIu+QpqeyXP+gpQJy/Z4+F0aGxSE4MqwjyXvW/TzgkLAx2AGHwQ==",
      "dev": true
    },
    "undici-types": {
      "version": "5.26.5",
      "resolved": "https://registry.npmjs.org/undici-types/-/undici-types-5.26.5.tgz",
      "integrity": "sha512-JlCMO+ehdEIKqlFxk6IfVoAUVmgz7cU7zD/h9XZ0qzeosSHmUJVOzSQvvYSYWXkFXC+IfLKSIffhv0sVZup6pA==",
      "dev": true
    },
    "vscode-uri": {
      "version": "3.0.8",
      "resolved": "https://registry.npmjs.org/vscode-uri/-/vscode-uri-3.0.8.tgz",
      "integrity": "sha512-AyFQ0EVmsOZOlAnxoFOGOq1SQDWAB7C6aqMGS23svWAllfOaxbuFvcT8D1i8z3Gyn8fraVeZNNmN6e9bxxXkKw=="
    }
  }
}
